<?xml version="1.0" encoding="utf-8"?>
<Project ToolsVersion="17.0" xmlns="http://schemas.microsoft.com/developer/msbuild/2003">
  <ItemGroup>
    <CustomBuild Include="C:\Source\y3-gam\Libraries\Built-Libraries\CMakeFiles\38bca5dcd2c9f79d626264049c057aeb\INSTALL_force.rule">
      <Filter>CMake Rules</Filter>
    </CustomBuild>
  </ItemGroup>
  <ItemGroup>
    <Filter Include="CMake Rules">
      <UniqueIdentifier>{EEA500C2-F153-3D93-9914-8343A1E285AB}</UniqueIdentifier>
    </Filter>
  </ItemGroup>
</Project>
