
Microsoft Visual Studio Solution File, Format Version 12.00
# Visual Studio Version 17
VisualStudioVersion = 17.10.35122.118
MinimumVisualStudioVersion = 10.0.40219.1
Project("{2150E333-8FDC-42A3-9474-1A3956D46DE8}") = "Editor", "Editor", "{339C0AE1-1FFF-9985-C884-D23BB4C66508}"
EndProject
Project("{8BC9CEB8-8B4A-11D0-8D11-00A0C91BC942}") = "ImaGE-Editor", "ImaGE-Editor\ImaGE-Editor.vcxproj", "{FC0A02CB-E86D-916F-91F3-C9257D355DF2}"
EndProject
Project("{2150E333-8FDC-42A3-9474-1A3956D46DE8}") = "Core", "Core", "{15A0C35D-0158-05AB-6A5F-DE065636A09B}"
EndProject
Project("{8BC9CEB8-8B4A-11D0-8D11-00A0C91BC942}") = "ImaGE-Core", "ImaGE-Core\ImaGE-Core.vcxproj", "{9EC84E78-8A80-90C5-F387-6921DF5E2BB6}"
EndProject
Project("{2150E333-8FDC-42A3-9474-1A3956D46DE8}") = "Game", "Game", "{6695C55D-524D-07AB-BB54-E006A72BA29B}"
EndProject
Project("{8BC9CEB8-8B4A-11D0-8D11-00A0C91BC942}") = "ImaGE-Game", "ImaGE-Game\ImaGE-Game.vcxproj", "{EFBD5078-DB75-92C5-447D-6B2130542DB6}"
EndProject
Project("{2150E333-8FDC-42A3-9474-1A3956D46DE8}") = "Script'", "Script'", "{1DE07950-423F-4874-B5A0-AA7ED07B60A4}"
EndProject
Project("{FAE04EC0-301F-11D3-BF4B-00C04F79EFBC}") = "ImaGE-script", "ImaGE-script\ImaGE-script.csproj", "{ECD828AA-C7C5-4870-88E8-3DDBBD96AE9F}"
EndProject
Global
	GlobalSection(SolutionConfigurationPlatforms) = preSolution
		Debug|Any CPU = Debug|Any CPU
		Debug|x64 = Debug|x64
		Distribution|Any CPU = Distribution|Any CPU
		Distribution|x64 = Distribution|x64
		Release|Any CPU = Release|Any CPU
		Release|x64 = Release|x64
	EndGlobalSection
	GlobalSection(ProjectConfigurationPlatforms) = postSolution
		{FC0A02CB-E86D-916F-91F3-C9257D355DF2}.Debug|Any CPU.ActiveCfg = Debug|x64
		{FC0A02CB-E86D-916F-91F3-C9257D355DF2}.Debug|Any CPU.Build.0 = Debug|x64
		{FC0A02CB-E86D-916F-91F3-C9257D355DF2}.Debug|x64.ActiveCfg = Debug|x64
		{FC0A02CB-E86D-916F-91F3-C9257D355DF2}.Debug|x64.Build.0 = Debug|x64
		{FC0A02CB-E86D-916F-91F3-C9257D355DF2}.Distribution|Any CPU.ActiveCfg = Distribution|x64
		{FC0A02CB-E86D-916F-91F3-C9257D355DF2}.Distribution|Any CPU.Build.0 = Distribution|x64
		{FC0A02CB-E86D-916F-91F3-C9257D355DF2}.Distribution|x64.ActiveCfg = Distribution|x64
		{FC0A02CB-E86D-916F-91F3-C9257D355DF2}.Distribution|x64.Build.0 = Distribution|x64
		{FC0A02CB-E86D-916F-91F3-C9257D355DF2}.Release|Any CPU.ActiveCfg = Release|x64
		{FC0A02CB-E86D-916F-91F3-C9257D355DF2}.Release|Any CPU.Build.0 = Release|x64
		{FC0A02CB-E86D-916F-91F3-C9257D355DF2}.Release|x64.ActiveCfg = Release|x64
		{FC0A02CB-E86D-916F-91F3-C9257D355DF2}.Release|x64.Build.0 = Release|x64
		{9EC84E78-8A80-90C5-F387-6921DF5E2BB6}.Debug|Any CPU.ActiveCfg = Debug|x64
		{9EC84E78-8A80-90C5-F387-6921DF5E2BB6}.Debug|Any CPU.Build.0 = Debug|x64
		{9EC84E78-8A80-90C5-F387-6921DF5E2BB6}.Debug|x64.ActiveCfg = Debug|x64
		{9EC84E78-8A80-90C5-F387-6921DF5E2BB6}.Debug|x64.Build.0 = Debug|x64
		{9EC84E78-8A80-90C5-F387-6921DF5E2BB6}.Distribution|Any CPU.ActiveCfg = Distribution|x64
		{9EC84E78-8A80-90C5-F387-6921DF5E2BB6}.Distribution|Any CPU.Build.0 = Distribution|x64
		{9EC84E78-8A80-90C5-F387-6921DF5E2BB6}.Distribution|x64.ActiveCfg = Distribution|x64
		{9EC84E78-8A80-90C5-F387-6921DF5E2BB6}.Distribution|x64.Build.0 = Distribution|x64
		{9EC84E78-8A80-90C5-F387-6921DF5E2BB6}.Release|Any CPU.ActiveCfg = Release|x64
		{9EC84E78-8A80-90C5-F387-6921DF5E2BB6}.Release|Any CPU.Build.0 = Release|x64
		{9EC84E78-8A80-90C5-F387-6921DF5E2BB6}.Release|x64.ActiveCfg = Release|x64
		{9EC84E78-8A80-90C5-F387-6921DF5E2BB6}.Release|x64.Build.0 = Release|x64
		{EFBD5078-DB75-92C5-447D-6B2130542DB6}.Debug|Any CPU.ActiveCfg = Debug|x64
		{EFBD5078-DB75-92C5-447D-6B2130542DB6}.Debug|Any CPU.Build.0 = Debug|x64
		{EFBD5078-DB75-92C5-447D-6B2130542DB6}.Debug|x64.ActiveCfg = Debug|x64
		{EFBD5078-DB75-92C5-447D-6B2130542DB6}.Debug|x64.Build.0 = Debug|x64
		{EFBD5078-DB75-92C5-447D-6B2130542DB6}.Distribution|Any CPU.ActiveCfg = Distribution|x64
		{EFBD5078-DB75-92C5-447D-6B2130542DB6}.Distribution|Any CPU.Build.0 = Distribution|x64
		{EFBD5078-DB75-92C5-447D-6B2130542DB6}.Distribution|x64.ActiveCfg = Distribution|x64
		{EFBD5078-DB75-92C5-447D-6B2130542DB6}.Distribution|x64.Build.0 = Distribution|x64
		{EFBD5078-DB75-92C5-447D-6B2130542DB6}.Release|Any CPU.ActiveCfg = Release|x64
		{EFBD5078-DB75-92C5-447D-6B2130542DB6}.Release|Any CPU.Build.0 = Release|x64
		{EFBD5078-DB75-92C5-447D-6B2130542DB6}.Release|x64.ActiveCfg = Release|x64
		{EFBD5078-DB75-92C5-447D-6B2130542DB6}.Release|x64.Build.0 = Release|x64
		{ECD828AA-C7C5-4870-88E8-3DDBBD96AE9F}.Debug|Any CPU.ActiveCfg = Debug|Any CPU
		{ECD828AA-C7C5-4870-88E8-3DDBBD96AE9F}.Debug|Any CPU.Build.0 = Debug|Any CPU
		{ECD828AA-C7C5-4870-88E8-3DDBBD96AE9F}.Debug|x64.ActiveCfg = Debug|Any CPU
		{ECD828AA-C7C5-4870-88E8-3DDBBD96AE9F}.Debug|x64.Build.0 = Debug|Any CPU
		{ECD828AA-C7C5-4870-88E8-3DDBBD96AE9F}.Distribution|Any CPU.ActiveCfg = Debug|Any CPU
		{ECD828AA-C7C5-4870-88E8-3DDBBD96AE9F}.Distribution|Any CPU.Build.0 = Debug|Any CPU
		{ECD828AA-C7C5-4870-88E8-3DDBBD96AE9F}.Distribution|x64.ActiveCfg = Debug|Any CPU
		{ECD828AA-C7C5-4870-88E8-3DDBBD96AE9F}.Distribution|x64.Build.0 = Debug|Any CPU
		{ECD828AA-C7C5-4870-88E8-3DDBBD96AE9F}.Release|Any CPU.ActiveCfg = Release|Any CPU
		{ECD828AA-C7C5-4870-88E8-3DDBBD96AE9F}.Release|Any CPU.Build.0 = Release|Any CPU
		{ECD828AA-C7C5-4870-88E8-3DDBBD96AE9F}.Release|x64.ActiveCfg = Release|Any CPU
		{ECD828AA-C7C5-4870-88E8-3DDBBD96AE9F}.Release|x64.Build.0 = Release|Any CPU
	EndGlobalSection
	GlobalSection(SolutionProperties) = preSolution
		HideSolutionNode = FALSE
	EndGlobalSection
	GlobalSection(NestedProjects) = preSolution
		{FC0A02CB-E86D-916F-91F3-C9257D355DF2} = {339C0AE1-1FFF-9985-C884-D23BB4C66508}
		{9EC84E78-8A80-90C5-F387-6921DF5E2BB6} = {15A0C35D-0158-05AB-6A5F-DE065636A09B}
		{EFBD5078-DB75-92C5-447D-6B2130542DB6} = {6695C55D-524D-07AB-BB54-E006A72BA29B}
		{ECD828AA-C7C5-4870-88E8-3DDBBD96AE9F} = {1DE07950-423F-4874-B5A0-AA7ED07B60A4}
	EndGlobalSection
EndGlobal
