
Microsoft Visual Studio Solution File, Format Version 12.00
# Visual Studio Version 17
VisualStudioVersion = 17.6.33723.286
MinimumVisualStudioVersion = 10.0.40219.1
Project("{8BC9CEB8-8B4A-11D0-8D11-00A0C91BC942}") = "Engine", "Engine\Engine.vcxproj", "{FABCD75E-496E-4408-B31C-D45E7D0DFC7A}"
	ProjectSection(ProjectDependencies) = postProject
		{9B0428B6-B9D3-4ED1-A1A0-E1A44FDE1F48} = {9B0428B6-B9D3-4ED1-A1A0-E1A44FDE1F48}
	EndProjectSection
EndProject
Project("{9A19103F-16F7-4668-BE54-9A1E7A4F7556}") = "HangmanScript", "Engine\Projects\HangmanScript\HangmanScript.csproj", "{9B0428B6-B9D3-4ED1-A1A0-E1A44FDE1F48}"
EndProject
Global
	GlobalSection(SolutionConfigurationPlatforms) = preSolution
		Debug|Any CPU = Debug|Any CPU
		Debug|ARM64 = Debug|ARM64
		Debug|x64 = Debug|x64
		Debug|x86 = Debug|x86
		Dist|Any CPU = Dist|Any CPU
		Dist|ARM64 = Dist|ARM64
		Dist|x64 = Dist|x64
		Dist|x86 = Dist|x86
		MinSizeRel|Any CPU = MinSizeRel|Any CPU
		MinSizeRel|ARM64 = MinSizeRel|ARM64
		MinSizeRel|x64 = MinSizeRel|x64
		MinSizeRel|x86 = MinSizeRel|x86
		Profile|Any CPU = Profile|Any CPU
		Profile|ARM64 = Profile|ARM64
		Profile|x64 = Profile|x64
		Profile|x86 = Profile|x86
		Release|Any CPU = Release|Any CPU
		Release|ARM64 = Release|ARM64
		Release|x64 = Release|x64
		Release|x86 = Release|x86
		RelWithDebInfo|Any CPU = RelWithDebInfo|Any CPU
		RelWithDebInfo|ARM64 = RelWithDebInfo|ARM64
		RelWithDebInfo|x64 = RelWithDebInfo|x64
		RelWithDebInfo|x86 = RelWithDebInfo|x86
	EndGlobalSection
	GlobalSection(ProjectConfigurationPlatforms) = postSolution
		{FABCD75E-496E-4408-B31C-D45E7D0DFC7A}.Debug|Any CPU.ActiveCfg = Debug|x64
		{FABCD75E-496E-4408-B31C-D45E7D0DFC7A}.Debug|ARM64.ActiveCfg = Debug|x64
		{FABCD75E-496E-4408-B31C-D45E7D0DFC7A}.Debug|x64.ActiveCfg = Debug|x64
		{FABCD75E-496E-4408-B31C-D45E7D0DFC7A}.Debug|x64.Build.0 = Debug|x64
		{FABCD75E-496E-4408-B31C-D45E7D0DFC7A}.Debug|x86.ActiveCfg = Debug|x64
		{FABCD75E-496E-4408-B31C-D45E7D0DFC7A}.Dist|Any CPU.ActiveCfg = Release|x64
		{FABCD75E-496E-4408-B31C-D45E7D0DFC7A}.Dist|Any CPU.Build.0 = Release|x64
		{FABCD75E-496E-4408-B31C-D45E7D0DFC7A}.Dist|ARM64.ActiveCfg = Release|x64
		{FABCD75E-496E-4408-B31C-D45E7D0DFC7A}.Dist|ARM64.Build.0 = Release|x64
		{FABCD75E-496E-4408-B31C-D45E7D0DFC7A}.Dist|x64.ActiveCfg = Debug|x64
		{FABCD75E-496E-4408-B31C-D45E7D0DFC7A}.Dist|x64.Build.0 = Debug|x64
		{FABCD75E-496E-4408-B31C-D45E7D0DFC7A}.Dist|x86.ActiveCfg = Release|x64
		{FABCD75E-496E-4408-B31C-D45E7D0DFC7A}.Dist|x86.Build.0 = Release|x64
		{FABCD75E-496E-4408-B31C-D45E7D0DFC7A}.MinSizeRel|Any CPU.ActiveCfg = Release|x64
		{FABCD75E-496E-4408-B31C-D45E7D0DFC7A}.MinSizeRel|Any CPU.Build.0 = Release|x64
		{FABCD75E-496E-4408-B31C-D45E7D0DFC7A}.MinSizeRel|ARM64.ActiveCfg = Release|x64
		{FABCD75E-496E-4408-B31C-D45E7D0DFC7A}.MinSizeRel|ARM64.Build.0 = Release|x64
		{FABCD75E-496E-4408-B31C-D45E7D0DFC7A}.MinSizeRel|x64.ActiveCfg = Release|x64
		{FABCD75E-496E-4408-B31C-D45E7D0DFC7A}.MinSizeRel|x64.Build.0 = Release|x64
		{FABCD75E-496E-4408-B31C-D45E7D0DFC7A}.MinSizeRel|x86.ActiveCfg = Release|x64
		{FABCD75E-496E-4408-B31C-D45E7D0DFC7A}.MinSizeRel|x86.Build.0 = Release|x64
		{FABCD75E-496E-4408-B31C-D45E7D0DFC7A}.Profile|Any CPU.ActiveCfg = Release|x64
		{FABCD75E-496E-4408-B31C-D45E7D0DFC7A}.Profile|Any CPU.Build.0 = Release|x64
		{FABCD75E-496E-4408-B31C-D45E7D0DFC7A}.Profile|ARM64.ActiveCfg = Release|x64
		{FABCD75E-496E-4408-B31C-D45E7D0DFC7A}.Profile|ARM64.Build.0 = Release|x64
		{FABCD75E-496E-4408-B31C-D45E7D0DFC7A}.Profile|x64.ActiveCfg = Release|x64
		{FABCD75E-496E-4408-B31C-D45E7D0DFC7A}.Profile|x64.Build.0 = Release|x64
		{FABCD75E-496E-4408-B31C-D45E7D0DFC7A}.Profile|x86.ActiveCfg = Release|x64
		{FABCD75E-496E-4408-B31C-D45E7D0DFC7A}.Profile|x86.Build.0 = Release|x64
		{FABCD75E-496E-4408-B31C-D45E7D0DFC7A}.Release|Any CPU.ActiveCfg = Release|x64
		{FABCD75E-496E-4408-B31C-D45E7D0DFC7A}.Release|ARM64.ActiveCfg = Release|x64
		{FABCD75E-496E-4408-B31C-D45E7D0DFC7A}.Release|x64.ActiveCfg = Release|x64
		{FABCD75E-496E-4408-B31C-D45E7D0DFC7A}.Release|x64.Build.0 = Release|x64
		{FABCD75E-496E-4408-B31C-D45E7D0DFC7A}.Release|x86.ActiveCfg = Release|x64
		{FABCD75E-496E-4408-B31C-D45E7D0DFC7A}.RelWithDebInfo|Any CPU.ActiveCfg = Release|x64
		{FABCD75E-496E-4408-B31C-D45E7D0DFC7A}.RelWithDebInfo|Any CPU.Build.0 = Release|x64
		{FABCD75E-496E-4408-B31C-D45E7D0DFC7A}.RelWithDebInfo|ARM64.ActiveCfg = Release|x64
		{FABCD75E-496E-4408-B31C-D45E7D0DFC7A}.RelWithDebInfo|ARM64.Build.0 = Release|x64
		{FABCD75E-496E-4408-B31C-D45E7D0DFC7A}.RelWithDebInfo|x64.ActiveCfg = Release|x64
		{FABCD75E-496E-4408-B31C-D45E7D0DFC7A}.RelWithDebInfo|x64.Build.0 = Release|x64
		{FABCD75E-496E-4408-B31C-D45E7D0DFC7A}.RelWithDebInfo|x86.ActiveCfg = Release|x64
		{FABCD75E-496E-4408-B31C-D45E7D0DFC7A}.RelWithDebInfo|x86.Build.0 = Release|x64
		{9B0428B6-B9D3-4ED1-A1A0-E1A44FDE1F48}.Debug|Any CPU.ActiveCfg = Debug|Any CPU
		{9B0428B6-B9D3-4ED1-A1A0-E1A44FDE1F48}.Debug|Any CPU.Build.0 = Debug|Any CPU
		{9B0428B6-B9D3-4ED1-A1A0-E1A44FDE1F48}.Debug|ARM64.ActiveCfg = Debug|Any CPU
		{9B0428B6-B9D3-4ED1-A1A0-E1A44FDE1F48}.Debug|ARM64.Build.0 = Debug|Any CPU
		{9B0428B6-B9D3-4ED1-A1A0-E1A44FDE1F48}.Debug|x64.ActiveCfg = Debug|Any CPU
		{9B0428B6-B9D3-4ED1-A1A0-E1A44FDE1F48}.Debug|x64.Build.0 = Debug|Any CPU
		{9B0428B6-B9D3-4ED1-A1A0-E1A44FDE1F48}.Debug|x86.ActiveCfg = Debug|Any CPU
		{9B0428B6-B9D3-4ED1-A1A0-E1A44FDE1F48}.Debug|x86.Build.0 = Debug|Any CPU
		{9B0428B6-B9D3-4ED1-A1A0-E1A44FDE1F48}.Dist|Any CPU.ActiveCfg = Debug|Any CPU
		{9B0428B6-B9D3-4ED1-A1A0-E1A44FDE1F48}.Dist|Any CPU.Build.0 = Debug|Any CPU
		{9B0428B6-B9D3-4ED1-A1A0-E1A44FDE1F48}.Dist|ARM64.ActiveCfg = Debug|Any CPU
		{9B0428B6-B9D3-4ED1-A1A0-E1A44FDE1F48}.Dist|ARM64.Build.0 = Debug|Any CPU
		{9B0428B6-B9D3-4ED1-A1A0-E1A44FDE1F48}.Dist|x64.ActiveCfg = Debug|Any CPU
		{9B0428B6-B9D3-4ED1-A1A0-E1A44FDE1F48}.Dist|x64.Build.0 = Debug|Any CPU
		{9B0428B6-B9D3-4ED1-A1A0-E1A44FDE1F48}.Dist|x86.ActiveCfg = Debug|Any CPU
		{9B0428B6-B9D3-4ED1-A1A0-E1A44FDE1F48}.Dist|x86.Build.0 = Debug|Any CPU
		{9B0428B6-B9D3-4ED1-A1A0-E1A44FDE1F48}.MinSizeRel|Any CPU.ActiveCfg = Release|Any CPU
		{9B0428B6-B9D3-4ED1-A1A0-E1A44FDE1F48}.MinSizeRel|Any CPU.Build.0 = Release|Any CPU
		{9B0428B6-B9D3-4ED1-A1A0-E1A44FDE1F48}.MinSizeRel|ARM64.ActiveCfg = Release|Any CPU
		{9B0428B6-B9D3-4ED1-A1A0-E1A44FDE1F48}.MinSizeRel|ARM64.Build.0 = Release|Any CPU
		{9B0428B6-B9D3-4ED1-A1A0-E1A44FDE1F48}.MinSizeRel|x64.ActiveCfg = Release|Any CPU
		{9B0428B6-B9D3-4ED1-A1A0-E1A44FDE1F48}.MinSizeRel|x64.Build.0 = Release|Any CPU
		{9B0428B6-B9D3-4ED1-A1A0-E1A44FDE1F48}.MinSizeRel|x86.ActiveCfg = Release|Any CPU
		{9B0428B6-B9D3-4ED1-A1A0-E1A44FDE1F48}.MinSizeRel|x86.Build.0 = Release|Any CPU
		{9B0428B6-B9D3-4ED1-A1A0-E1A44FDE1F48}.Profile|Any CPU.ActiveCfg = Release|Any CPU
		{9B0428B6-B9D3-4ED1-A1A0-E1A44FDE1F48}.Profile|Any CPU.Build.0 = Release|Any CPU
		{9B0428B6-B9D3-4ED1-A1A0-E1A44FDE1F48}.Profile|ARM64.ActiveCfg = Release|Any CPU
		{9B0428B6-B9D3-4ED1-A1A0-E1A44FDE1F48}.Profile|ARM64.Build.0 = Release|Any CPU
		{9B0428B6-B9D3-4ED1-A1A0-E1A44FDE1F48}.Profile|x64.ActiveCfg = Release|Any CPU
		{9B0428B6-B9D3-4ED1-A1A0-E1A44FDE1F48}.Profile|x64.Build.0 = Release|Any CPU
		{9B0428B6-B9D3-4ED1-A1A0-E1A44FDE1F48}.Profile|x86.ActiveCfg = Release|Any CPU
		{9B0428B6-B9D3-4ED1-A1A0-E1A44FDE1F48}.Profile|x86.Build.0 = Release|Any CPU
		{9B0428B6-B9D3-4ED1-A1A0-E1A44FDE1F48}.Release|Any CPU.ActiveCfg = Release|Any CPU
		{9B0428B6-B9D3-4ED1-A1A0-E1A44FDE1F48}.Release|Any CPU.Build.0 = Release|Any CPU
		{9B0428B6-B9D3-4ED1-A1A0-E1A44FDE1F48}.Release|ARM64.ActiveCfg = Release|Any CPU
		{9B0428B6-B9D3-4ED1-A1A0-E1A44FDE1F48}.Release|ARM64.Build.0 = Release|Any CPU
		{9B0428B6-B9D3-4ED1-A1A0-E1A44FDE1F48}.Release|x64.ActiveCfg = Release|Any CPU
		{9B0428B6-B9D3-4ED1-A1A0-E1A44FDE1F48}.Release|x64.Build.0 = Release|Any CPU
		{9B0428B6-B9D3-4ED1-A1A0-E1A44FDE1F48}.Release|x86.ActiveCfg = Release|Any CPU
		{9B0428B6-B9D3-4ED1-A1A0-E1A44FDE1F48}.Release|x86.Build.0 = Release|Any CPU
		{9B0428B6-B9D3-4ED1-A1A0-E1A44FDE1F48}.RelWithDebInfo|Any CPU.ActiveCfg = Release|Any CPU
		{9B0428B6-B9D3-4ED1-A1A0-E1A44FDE1F48}.RelWithDebInfo|Any CPU.Build.0 = Release|Any CPU
		{9B0428B6-B9D3-4ED1-A1A0-E1A44FDE1F48}.RelWithDebInfo|ARM64.ActiveCfg = Release|Any CPU
		{9B0428B6-B9D3-4ED1-A1A0-E1A44FDE1F48}.RelWithDebInfo|ARM64.Build.0 = Release|Any CPU
		{9B0428B6-B9D3-4ED1-A1A0-E1A44FDE1F48}.RelWithDebInfo|x64.ActiveCfg = Release|Any CPU
		{9B0428B6-B9D3-4ED1-A1A0-E1A44FDE1F48}.RelWithDebInfo|x64.Build.0 = Release|Any CPU
		{9B0428B6-B9D3-4ED1-A1A0-E1A44FDE1F48}.RelWithDebInfo|x86.ActiveCfg = Release|Any CPU
		{9B0428B6-B9D3-4ED1-A1A0-E1A44FDE1F48}.RelWithDebInfo|x86.Build.0 = Release|Any CPU
	EndGlobalSection
	GlobalSection(SolutionProperties) = preSolution
		HideSolutionNode = FALSE
	EndGlobalSection
	GlobalSection(ExtensibilityGlobals) = postSolution
		SolutionGuid = {FE9B7F0C-747B-4738-A6DE-D631C74F3067}
	EndGlobalSection
EndGlobal
