
Microsoft Visual Studio Solution File, Format Version 12.00
# Visual Studio Version 17
VisualStudioVersion = 17.5.002.0
MinimumVisualStudioVersion = 10.0.40219.1
Project("{9A19103F-16F7-4668-BE54-9A1E7A4F7556}") = "ImaGE-script", "ImaGE-script.csproj", "{EAD27F5B-1B85-4698-94AE-05EAB9D4C904}"
EndProject
Global
	GlobalSection(SolutionConfigurationPlatforms) = preSolution
		Debug|Any CPU = Debug|Any CPU
		Release|Any CPU = Release|Any CPU
	EndGlobalSection
	GlobalSection(ProjectConfigurationPlatforms) = postSolution
		{EAD27F5B-1B85-4698-94AE-05EAB9D4C904}.Debug|Any CPU.ActiveCfg = Debug|Any CPU
		{EAD27F5B-1B85-4698-94AE-05EAB9D4C904}.Debug|Any CPU.Build.0 = Debug|Any CPU
		{EAD27F5B-1B85-4698-94AE-05EAB9D4C904}.Release|Any CPU.ActiveCfg = Release|Any CPU
		{EAD27F5B-1B85-4698-94AE-05EAB9D4C904}.Release|Any CPU.Build.0 = Release|Any CPU
	EndGlobalSection
	GlobalSection(SolutionProperties) = preSolution
		HideSolutionNode = FALSE
	EndGlobalSection
	GlobalSection(ExtensibilityGlobals) = postSolution
		SolutionGuid = {F052C440-F62E-4002-88E7-41AE7E50D0EA}
	EndGlobalSection
EndGlobal
