<?xml version="1.0" encoding="utf-8"?>
<Project ToolsVersion="4.0" xmlns="http://schemas.microsoft.com/developer/msbuild/2003">
  <ItemGroup>
    <ClCompile Include="source\Application.cpp" />
    <ClCompile Include="source\Asset\AssetManager.cpp" />
    <ClCompile Include="source\Asset\AssetUtils.cpp" />
    <ClCompile Include="source\Asset\Assetables\Audio\AudioAsset.cpp" />
    <ClCompile Include="source\Asset\Assetables\Mesh\MeshAsset.cpp" />
    <ClCompile Include="source\Asset\Assetables\Texture\TextureAsset.cpp" />
    <ClCompile Include="source\Asset\SmartPointer.cpp" />
    <ClCompile Include="source\Audio\AudioManager.cpp" />
    <ClCompile Include="source\Core\Components\Transform.cpp" />
    <ClCompile Include="source\Core\Entity.cpp" />
    <ClCompile Include="source\Core\EntityManager.cpp" />
    <ClCompile Include="source\Core\Systems\SystemManager\SystemManager.cpp" />
    <ClCompile Include="source\Core\Systems\TransformSystem\LocalToWorldTransformSystem.cpp" />
    <ClCompile Include="source\Core\Systems\TransformSystem\TransformHelpers.cpp" />
    <ClCompile Include="source\Core\Systems\TransformSystem\TransformSystem.cpp" />
    <ClCompile Include="source\DebugTools\DebugLogger\DebugLogger.cpp" />
    <ClCompile Include="source\Events\EventManager.cpp" />
    <ClCompile Include="source\External\ImGui\backends\imgui_impl_glfw.cpp" />
    <ClCompile Include="source\External\ImGui\backends\imgui_impl_opengl2.cpp" />
    <ClCompile Include="source\External\ImGui\backends\imgui_impl_opengl3.cpp" />
    <ClCompile Include="source\External\ImGui\imgui.cpp" />
    <ClCompile Include="source\External\ImGui\imgui_demo.cpp" />
    <ClCompile Include="source\External\ImGui\imgui_draw.cpp" />
    <ClCompile Include="source\External\ImGui\imgui_tables.cpp" />
    <ClCompile Include="source\External\ImGui\imgui_widgets.cpp" />
    <ClCompile Include="source\External\ImGui\misc\cpp\imgui_stdlib.cpp" />
    <ClCompile Include="source\External\ImGui\misc\fonts\binary_to_compressed_c.cpp" />
    <ClCompile Include="source\External\ImGui\misc\freetype\imgui_freetype.cpp" />
    <ClCompile Include="source\External\ImGuizmo\GraphEditor.cpp" />
    <ClCompile Include="source\External\ImGuizmo\ImCurveEdit.cpp" />
    <ClCompile Include="source\External\ImGuizmo\ImGradient.cpp" />
    <ClCompile Include="source\External\ImGuizmo\ImGuizmo.cpp" />
    <ClCompile Include="source\External\ImGuizmo\ImSequencer.cpp" />
    <ClCompile Include="source\External\glad.c" />
    <ClCompile Include="source\FrameRateController\FrameRateController.cpp" />
    <ClCompile Include="source\Graphics\AssetIO\IMSH.cpp" />
    <ClCompile Include="source\Graphics\CameraManager.cpp" />
    <ClCompile Include="source\Graphics\EditorCamera.cpp" />
    <ClCompile Include="source\Graphics\ElementBuffer.cpp" />
    <ClCompile Include="source\Graphics\Framebuffer.cpp" />
    <ClCompile Include="source\Graphics\Material.cpp" />
    <ClCompile Include="source\Graphics\MaterialSource.cpp" />
    <ClCompile Include="source\Graphics\Mesh.cpp" />
    <ClCompile Include="source\Graphics\MeshFactory.cpp" />
    <ClCompile Include="source\Graphics\MeshSource.cpp" />
    <ClCompile Include="source\Graphics\Pipeline.cpp" />
    <ClCompile Include="source\Graphics\RenderAPI.cpp" />
    <ClCompile Include="source\Graphics\RenderPass.cpp" />
    <ClCompile Include="source\Graphics\RenderSystem.cpp" />
    <ClCompile Include="source\Graphics\Renderer.cpp" />
    <ClCompile Include="source\Graphics\Shader.cpp" />
    <ClCompile Include="source\Graphics\Texture.cpp" />
    <ClCompile Include="source\Graphics\Utils.cpp" />
    <ClCompile Include="source\Graphics\VertexArray.cpp" />
    <ClCompile Include="source\Graphics\VertexBuffer.cpp" />
    <ClCompile Include="source\Input\InputManager.cpp" />
    <ClCompile Include="source\Physics\PhysicsSystem.cpp" />
    <ClCompile Include="source\Prefabs\Prefab.cpp" />
    <ClCompile Include="source\Prefabs\PrefabManager.cpp" />
    <ClCompile Include="source\Reflection\AddComponentFunctions.cpp" />
    <ClCompile Include="source\Reflection\ObjectFactory.cpp" />
    <ClCompile Include="source\Scenes\Scene.cpp" />
    <ClCompile Include="source\Scenes\SceneManager.cpp" />
    <ClCompile Include="source\Scripting\ScriptInstance.cpp" />
    <ClCompile Include="source\Scripting\ScriptManager.cpp" />
    <ClCompile Include="source\Scripting\ScriptUtils.cpp" />
    <ClCompile Include="source\Scripting\ScriptingSystem.cpp" />
    <ClCompile Include="source\Serialization\Deserializer.cpp" />
    <ClCompile Include="source\Serialization\Serializer.cpp" />
    <ClCompile Include="source\pch.cpp" />
  </ItemGroup>
  <ItemGroup>
    <ClInclude Include="source\Application.h" />
    <ClInclude Include="source\Asset\AssetManager.h" />
    <ClInclude Include="source\Asset\AssetUtils.h" />
    <ClInclude Include="source\Asset\Assetables\AssetExtensions.h" />
    <ClInclude Include="source\Asset\Assetables\Audio\AudioAsset.h" />
    <ClInclude Include="source\Asset\Assetables\Mesh\MeshAsset.h" />
    <ClInclude Include="source\Asset\Assetables\Texture\TextureAsset.h" />
    <ClInclude Include="source\Asset\IGEAssets.h" />
    <ClInclude Include="source\Asset\SmartPointer.h" />
    <ClInclude Include="source\Audio\AudioManager.h" />
    <ClInclude Include="source\Color.h" />
    <ClInclude Include="source\Core\Components\Camera.h" />
    <ClInclude Include="source\Core\Components\CameraController.h" />
    <ClInclude Include="source\Core\Components\Collider.h" />
    <ClInclude Include="source\Core\Components\Components.h" />
    <ClInclude Include="source\Core\Components\Layer.h" />
    <ClInclude Include="source\Core\Components\Material.h" />
    <ClInclude Include="source\Core\Components\Mesh.h" />
    <ClInclude Include="source\Core\Components\PrefabOverrides.h" />
    <ClInclude Include="source\Core\Components\RigidBody.h" />
    <ClInclude Include="source\Core\Components\Script.h" />
    <ClInclude Include="source\Core\Components\Tag.h" />
    <ClInclude Include="source\Core\Components\Text.h" />
    <ClInclude Include="source\Core\Components\Transform.h" />
    <ClInclude Include="source\Core\Entity.h" />
    <ClInclude Include="source\Core\EntityManager.h" />
    <ClInclude Include="source\Core\GUID.h" />
    <ClInclude Include="source\Core\Systems\System.h" />
    <ClInclude Include="source\Core\Systems\SystemManager\SystemManager.h" />
    <ClInclude Include="source\Core\Systems\Systems.h" />
    <ClInclude Include="source\Core\Systems\TransformSystem\LocalToWorldTransformSystem.h" />
    <ClInclude Include="source\Core\Systems\TransformSystem\TransformHelpers.h" />
    <ClInclude Include="source\Core\Systems\TransformSystem\TransformSystem.h" />
    <ClInclude Include="source\Debug.h" />
    <ClInclude Include="source\DebugTools\DebugLogger\DebugLogger.h" />
    <ClInclude Include="source\DebugTools\Exception\Exception.h" />
    <ClInclude Include="source\DebugTools\Exception\ExceptionBase.h" />
    <ClInclude Include="source\Events\Event.h" />
    <ClInclude Include="source\Events\EventCallback.h" />
    <ClInclude Include="source\Events\EventManager.h" />
    <ClInclude Include="source\Events\Events.h" />
    <ClInclude Include="source\Events\InputEvents.h" />
    <ClInclude Include="source\Events\SceneEvents.h" />
    <ClInclude Include="source\External\GLFWwindowDestructor.h" />
    <ClInclude Include="source\External\ImGui\backends\imgui_impl_glfw.h" />
    <ClInclude Include="source\External\ImGui\backends\imgui_impl_opengl2.h" />
    <ClInclude Include="source\External\ImGui\backends\imgui_impl_opengl3.h" />
    <ClInclude Include="source\External\ImGui\backends\imgui_impl_opengl3_loader.h" />
    <ClInclude Include="source\External\ImGui\imconfig.h" />
    <ClInclude Include="source\External\ImGui\imgui.h" />
    <ClInclude Include="source\External\ImGui\imgui_internal.h" />
    <ClInclude Include="source\External\ImGui\imstb_rectpack.h" />
    <ClInclude Include="source\External\ImGui\imstb_textedit.h" />
    <ClInclude Include="source\External\ImGui\imstb_truetype.h" />
    <ClInclude Include="source\External\ImGui\misc\cpp\imgui_stdlib.h" />
    <ClInclude Include="source\External\ImGui\misc\freetype\imgui_freetype.h" />
    <ClInclude Include="source\External\ImGui\misc\single_file\imgui_single_file.h" />
    <ClInclude Include="source\External\ImGuizmo\GraphEditor.h" />
    <ClInclude Include="source\External\ImGuizmo\ImCurveEdit.h" />
    <ClInclude Include="source\External\ImGuizmo\ImGradient.h" />
    <ClInclude Include="source\External\ImGuizmo\ImGuizmo.h" />
    <ClInclude Include="source\External\ImGuizmo\ImSequencer.h" />
    <ClInclude Include="source\External\ImGuizmo\ImZoomSlider.h" />
    <ClInclude Include="source\External\filewatch\FileWatch.h" />
    <ClInclude Include="source\External\fmod\include\fmod.h" />
    <ClInclude Include="source\External\fmod\include\fmod_codec.h" />
    <ClInclude Include="source\External\fmod\include\fmod_common.h" />
    <ClInclude Include="source\External\fmod\include\fmod_dsp.h" />
    <ClInclude Include="source\External\fmod\include\fmod_dsp_effects.h" />
    <ClInclude Include="source\External\fmod\include\fmod_errors.h" />
    <ClInclude Include="source\External\fmod\include\fmod_output.h" />
    <ClInclude Include="source\External\glad\include\KHR\khrplatform.h" />
    <ClInclude Include="source\External\glad\include\glad\glad.h" />
    <ClInclude Include="source\External\mono\include\mono\jit\jit.h" />
    <ClInclude Include="source\External\mono\include\mono\jit\mono-private-unstable.h" />
    <ClInclude Include="source\External\mono\include\mono\metadata\appdomain.h" />
    <ClInclude Include="source\External\mono\include\mono\metadata\assembly.h" />
    <ClInclude Include="source\External\mono\include\mono\metadata\attrdefs.h" />
    <ClInclude Include="source\External\mono\include\mono\metadata\blob.h" />
    <ClInclude Include="source\External\mono\include\mono\metadata\class.h" />
    <ClInclude Include="source\External\mono\include\mono\metadata\debug-helpers.h" />
    <ClInclude Include="source\External\mono\include\mono\metadata\debug-mono-symfile.h" />
    <ClInclude Include="source\External\mono\include\mono\metadata\environment.h" />
    <ClInclude Include="source\External\mono\include\mono\metadata\exception.h" />
    <ClInclude Include="source\External\mono\include\mono\metadata\image.h" />
    <ClInclude Include="source\External\mono\include\mono\metadata\loader.h" />
    <ClInclude Include="source\External\mono\include\mono\metadata\metadata.h" />
    <ClInclude Include="source\External\mono\include\mono\metadata\mono-config.h" />
    <ClInclude Include="source\External\mono\include\mono\metadata\mono-debug.h" />
    <ClInclude Include="source\External\mono\include\mono\metadata\mono-gc.h" />
    <ClInclude Include="source\External\mono\include\mono\metadata\mono-private-unstable.h" />
    <ClInclude Include="source\External\mono\include\mono\metadata\object-forward.h" />
    <ClInclude Include="source\External\mono\include\mono\metadata\object.h" />
    <ClInclude Include="source\External\mono\include\mono\metadata\opcodes.h" />
    <ClInclude Include="source\External\mono\include\mono\metadata\profiler-events.h" />
    <ClInclude Include="source\External\mono\include\mono\metadata\profiler.h" />
    <ClInclude Include="source\External\mono\include\mono\metadata\reflection.h" />
    <ClInclude Include="source\External\mono\include\mono\metadata\row-indexes.h" />
    <ClInclude Include="source\External\mono\include\mono\metadata\sgen-bridge.h" />
    <ClInclude Include="source\External\mono\include\mono\metadata\tabledefs.h" />
    <ClInclude Include="source\External\mono\include\mono\metadata\threads.h" />
    <ClInclude Include="source\External\mono\include\mono\metadata\tokentype.h" />
    <ClInclude Include="source\External\mono\include\mono\metadata\verify.h" />
    <ClInclude Include="source\External\mono\include\mono\utils\mono-counters.h" />
    <ClInclude Include="source\External\mono\include\mono\utils\mono-dl-fallback.h" />
    <ClInclude Include="source\External\mono\include\mono\utils\mono-error.h" />
    <ClInclude Include="source\External\mono\include\mono\utils\mono-forward.h" />
    <ClInclude Include="source\External\mono\include\mono\utils\mono-jemalloc.h" />
    <ClInclude Include="source\External\mono\include\mono\utils\mono-logger.h" />
    <ClInclude Include="source\External\mono\include\mono\utils\mono-private-unstable.h" />
    <ClInclude Include="source\External\mono\include\mono\utils\mono-publib.h" />
    <ClInclude Include="source\FrameRateController\FrameRateController.h" />
    <ClInclude Include="source\Globals.h" />
    <ClInclude Include="source\Graphics\AssetIO\IMSH.h" />
    <ClInclude Include="source\Graphics\CameraManager.h" />
    <ClInclude Include="source\Graphics\EditorCamera.h" />
    <ClInclude Include="source\Graphics\ElementBuffer.h" />
    <ClInclude Include="source\Graphics\Framebuffer.h" />
    <ClInclude Include="source\Graphics\Material.h" />
    <ClInclude Include="source\Graphics\MaterialSource.h" />
    <ClInclude Include="source\Graphics\Mesh.h" />
    <ClInclude Include="source\Graphics\MeshFactory.h" />
    <ClInclude Include="source\Graphics\MeshSource.h" />
    <ClInclude Include="source\Graphics\Pipeline.h" />
    <ClInclude Include="source\Graphics\RenderAPI.h" />
    <ClInclude Include="source\Graphics\RenderCommand.h" />
    <ClInclude Include="source\Graphics\RenderPass.h" />
    <ClInclude Include="source\Graphics\RenderSystem.h" />
    <ClInclude Include="source\Graphics\RenderTarget.h" />
    <ClInclude Include="source\Graphics\Renderer.h" />
    <ClInclude Include="source\Graphics\Shader.h" />
    <ClInclude Include="source\Graphics\Submesh.h" />
    <ClInclude Include="source\Graphics\Texture.h" />
    <ClInclude Include="source\Graphics\Utils.h" />
    <ClInclude Include="source\Graphics\Vertex.h" />
    <ClInclude Include="source\Graphics\VertexArray.h" />
    <ClInclude Include="source\Graphics\VertexBuffer.h" />
    <ClInclude Include="source\Input\InputManager.h" />
    <ClInclude Include="source\Input\KeyCode.h" />
    <ClInclude Include="source\Physics\PhysicsHelpers.h" />
    <ClInclude Include="source\Physics\PhysicsSystem.h" />
    <ClInclude Include="source\Prefabs\Prefab.h" />
    <ClInclude Include="source\Prefabs\PrefabManager.h" />
    <ClInclude Include="source\Reflection\AddComponentFunctions.h" />
    <ClInclude Include="source\Reflection\ComponentTypes.h" />
    <ClInclude Include="source\Reflection\EntityData.h" />
    <ClInclude Include="source\Reflection\ObjectFactory.h" />
    <ClInclude Include="source\Reflection\ProxyScript.h" />
    <ClInclude Include="source\Scenes\Scene.h" />
    <ClInclude Include="source\Scenes\SceneManager.h" />
    <ClInclude Include="source\Scenes\SceneStates.h" />
    <ClInclude Include="source\Scripting\ScriptInstance.h" />
    <ClInclude Include="source\Scripting\ScriptManager.h" />
    <ClInclude Include="source\Scripting\ScriptUtils.h" />
    <ClInclude Include="source\Scripting\ScriptingSystem.h" />
    <ClInclude Include="source\Serialization\Deserializer.h" />
    <ClInclude Include="source\Serialization\JsonKeys.h" />
    <ClInclude Include="source\Serialization\Registration\ConverterFuncs.h" />
    <ClInclude Include="source\Serialization\Registration\RegisterClasses.h" />
    <ClInclude Include="source\Serialization\Registration\RegisterComponents.h" />
    <ClInclude Include="source\Serialization\Registration\RegisterEnumsAndFuncs.h" />
    <ClInclude Include="source\Serialization\Serializer.h" />
    <ClInclude Include="source\Singleton\ThreadSafeSingleton.h" />
    <ClInclude Include="source\pch.h" />
    <ClInclude Include="source\Reflection\Metadata.h" />
  </ItemGroup>
</Project>