<?xml version="1.0" encoding="utf-8"?>
<Project ToolsVersion="4.0" xmlns="http://schemas.microsoft.com/developer/msbuild/2003">
  <ItemGroup>
    <Filter Include="Animation">
      <UniqueIdentifier>{859E00A2-F108-B518-3A47-66BEA6F0926D}</UniqueIdentifier>
    </Filter>
    <Filter Include="Asset">
      <UniqueIdentifier>{253FD80C-9153-00BE-5AD5-A31DC6A8FCEE}</UniqueIdentifier>
    </Filter>
    <Filter Include="Asset\Assetables">
      <UniqueIdentifier>{DB2290B9-C71B-AF0B-F04D-9490DCA58E17}</UniqueIdentifier>
    </Filter>
    <Filter Include="Asset\Assetables\Animation">
      <UniqueIdentifier>{8A69C6C1-7679-7292-DF32-D7B0CB61612B}</UniqueIdentifier>
    </Filter>
    <Filter Include="Asset\Assetables\Audio">
      <UniqueIdentifier>{1C29302E-0823-5980-F18F-EF90DD28BFEC}</UniqueIdentifier>
    </Filter>
    <Filter Include="Asset\Assetables\Font">
      <UniqueIdentifier>{C1EC4985-2D59-0580-F64C-9DDD627827E8}</UniqueIdentifier>
    </Filter>
    <Filter Include="Asset\Assetables\Material">
      <UniqueIdentifier>{D9B7510B-457A-8595-8E2A-1422FA2B5E73}</UniqueIdentifier>
    </Filter>
    <Filter Include="Asset\Assetables\Mesh">
      <UniqueIdentifier>{77994D85-E305-0980-ACF9-A0DD18252BE8}</UniqueIdentifier>
    </Filter>
    <Filter Include="Asset\Assetables\Prefab">
      <UniqueIdentifier>{BAE2FC16-261A-45AE-2F24-A9D19BDA6BA7}</UniqueIdentifier>
    </Filter>
    <Filter Include="Asset\Assetables\Shader">
      <UniqueIdentifier>{212E451D-8D65-8DB4-966F-F1D70226B4AD}</UniqueIdentifier>
    </Filter>
    <Filter Include="Asset\Assetables\Texture">
      <UniqueIdentifier>{3BF38E0D-2718-DE8D-5063-C31D3CE7DCAB}</UniqueIdentifier>
    </Filter>
    <Filter Include="Asset\Assetables\Video">
      <UniqueIdentifier>{A196A52F-8D90-CE81-76FD-6492629634EE}</UniqueIdentifier>
    </Filter>
    <Filter Include="Audio">
      <UniqueIdentifier>{9718D90C-032D-01BE-CCAE-A41D3882FDEE}</UniqueIdentifier>
    </Filter>
    <Filter Include="BoundingVolumes">
      <UniqueIdentifier>{06DECC74-7269-3A39-7B7A-BD2DE7849639}</UniqueIdentifier>
    </Filter>
    <Filter Include="Container">
      <UniqueIdentifier>{68AD6C08-D417-217F-1D56-D22489FFFED3}</UniqueIdentifier>
    </Filter>
    <Filter Include="Core">
      <UniqueIdentifier>{2EB4837C-1AEB-840D-C3D7-6A10AFED000F}</UniqueIdentifier>
    </Filter>
    <Filter Include="Core\Components">
      <UniqueIdentifier>{83E0320B-EF6B-A0CF-F87C-23C46487FCCF}</UniqueIdentifier>
    </Filter>
    <Filter Include="Core\LayerManager">
      <UniqueIdentifier>{15D5330F-81EB-31A5-CA62-BDC636B8022D}</UniqueIdentifier>
    </Filter>
    <Filter Include="Core\Systems">
      <UniqueIdentifier>{35582E35-21BB-BDD9-CA40-F68FB682895C}</UniqueIdentifier>
    </Filter>
    <Filter Include="Core\Systems\AnimationSystem">
      <UniqueIdentifier>{095E821E-F518-72CA-9ED0-EA148A6ABC5A}</UniqueIdentifier>
    </Filter>
    <Filter Include="Core\Systems\ParticleSystem">
      <UniqueIdentifier>{7D756784-E982-956A-7269-9155DE756121}</UniqueIdentifier>
    </Filter>
    <Filter Include="Core\Systems\PlayerControllerSystem">
      <UniqueIdentifier>{FA988342-6652-EEEC-EFB1-08C75B6AA45C}</UniqueIdentifier>
    </Filter>
    <Filter Include="Core\Systems\SystemManager">
      <UniqueIdentifier>{646CE924-507C-95F5-B935-FA13A564848E}</UniqueIdentifier>
    </Filter>
    <Filter Include="Core\Systems\TextSystem">
      <UniqueIdentifier>{CE4429D6-3A7C-716D-4386-D590AF3C9866}</UniqueIdentifier>
    </Filter>
    <Filter Include="Core\Systems\TransformSystem">
      <UniqueIdentifier>{E531723A-D1EC-61E6-7AA4-DA30663EAC76}</UniqueIdentifier>
    </Filter>
    <Filter Include="Core\Systems\VideoSystem">
      <UniqueIdentifier>{6023C8D7-4C48-1758-7593-FCE761171676}</UniqueIdentifier>
    </Filter>
    <Filter Include="DebugTools">
      <UniqueIdentifier>{7D6B98D3-6923-DA20-D22A-B37CBE017511}</UniqueIdentifier>
    </Filter>
    <Filter Include="DebugTools\DebugLogger">
      <UniqueIdentifier>{530835B7-3F02-5E09-286F-F4191408C475}</UniqueIdentifier>
    </Filter>
    <Filter Include="DebugTools\Exception">
      <UniqueIdentifier>{7B3780AA-67C6-0974-10E5-1D6FFC521A1A}</UniqueIdentifier>
    </Filter>
    <Filter Include="Events">
      <UniqueIdentifier>{3A8963B1-262B-8E87-0FE6-A1DBFB2615D8}</UniqueIdentifier>
    </Filter>
    <Filter Include="External">
      <UniqueIdentifier>{089DB854-F469-1360-1D83-010809AF48EE}</UniqueIdentifier>
    </Filter>
    <Filter Include="External\ImGui">
      <UniqueIdentifier>{32B8D450-1E86-C856-071A-397DF386A4BB}</UniqueIdentifier>
    </Filter>
    <Filter Include="External\ImGui\backends">
      <UniqueIdentifier>{9C8A49CF-08C2-9166-11CC-F5897D82B85F}</UniqueIdentifier>
    </Filter>
    <Filter Include="External\ImGui\misc">
      <UniqueIdentifier>{4DBAB9A2-B91B-97B0-4289-DD62AEE9CD6F}</UniqueIdentifier>
    </Filter>
    <Filter Include="External\ImGui\misc\cpp">
      <UniqueIdentifier>{9F929382-0BCA-DB19-14D4-3F3D808A0213}</UniqueIdentifier>
    </Filter>
    <Filter Include="External\ImGui\misc\fonts">
      <UniqueIdentifier>{667AF875-D23C-2C00-1BED-BA8C87EE04DE}</UniqueIdentifier>
    </Filter>
    <Filter Include="External\ImGui\misc\freetype">
      <UniqueIdentifier>{A09FF966-8C5A-E912-3512-625D21AC33A3}</UniqueIdentifier>
    </Filter>
    <Filter Include="External\ImGui\misc\single_file">
      <UniqueIdentifier>{BD5E7082-2942-7FC2-3245-ADFE9EA74513}</UniqueIdentifier>
    </Filter>
    <Filter Include="External\ImGuizmo">
      <UniqueIdentifier>{683857F5-D44E-558B-1DC6-E0AC891B2613}</UniqueIdentifier>
    </Filter>
    <Filter Include="External\ImNodes">
      <UniqueIdentifier>{26E65ED9-12DF-7D2B-3B11-63B027695D37}</UniqueIdentifier>
    </Filter>
    <Filter Include="External\filewatch">
      <UniqueIdentifier>{0EBB171D-FA9E-D872-63FF-D2C54F02C3F4}</UniqueIdentifier>
    </Filter>
    <Filter Include="External\fmod">
      <UniqueIdentifier>{BD4ED857-290F-548E-F249-9D0B5EC9986A}</UniqueIdentifier>
    </Filter>
    <Filter Include="External\fmod\include">
      <UniqueIdentifier>{30E3B294-9C4F-6E8F-6543-06EDD16E90F7}</UniqueIdentifier>
    </Filter>
    <Filter Include="External\glad">
      <UniqueIdentifier>{0FD5D857-7B95-548E-44D0-9D0BB04F996A}</UniqueIdentifier>
    </Filter>
    <Filter Include="External\glad\include">
      <UniqueIdentifier>{829BB507-EE07-7102-B7FB-08602327936A}</UniqueIdentifier>
    </Filter>
    <Filter Include="External\glad\include\KHR">
      <UniqueIdentifier>{F69A56D8-625D-8A62-AB0D-19EF170F6340}</UniqueIdentifier>
    </Filter>
    <Filter Include="External\glad\include\glad">
      <UniqueIdentifier>{C9EF39E3-B5FF-E5B3-1EB9-4AD20AE8D44C}</UniqueIdentifier>
    </Filter>
    <Filter Include="External\mono">
      <UniqueIdentifier>{D02DDC57-3CEE-578E-0529-A10B71A89C6A}</UniqueIdentifier>
    </Filter>
    <Filter Include="External\mono\include">
      <UniqueIdentifier>{432562F3-AF91-1DEE-7885-B54BE4B03F56}</UniqueIdentifier>
    </Filter>
    <Filter Include="External\mono\include\mono">
      <UniqueIdentifier>{EB125B4F-D722-0720-40DC-6B3E2C0BF6B8}</UniqueIdentifier>
    </Filter>
    <Filter Include="External\mono\include\mono\jit">
      <UniqueIdentifier>{21274CDB-0D4D-1642-F692-9B0DE2573B0E}</UniqueIdentifier>
    </Filter>
    <Filter Include="External\mono\include\mono\metadata">
      <UniqueIdentifier>{1B1AE7A8-87D3-5153-1033-6C2D7CEB07C3}</UniqueIdentifier>
    </Filter>
    <Filter Include="External\mono\include\mono\utils">
      <UniqueIdentifier>{AB68BFDF-97B9-AA21-C01D-99E3ACCD3D8B}</UniqueIdentifier>
    </Filter>
    <Filter Include="External\pl_mpeg">
      <UniqueIdentifier>{BBB95B92-A7B2-7AE4-D0E4-5F69BC3C5AF0}</UniqueIdentifier>
    </Filter>
    <Filter Include="External\stb">
      <UniqueIdentifier>{609F6B0A-4C02-FBAE-F587-3365E1C9C631}</UniqueIdentifier>
    </Filter>
    <Filter Include="FrameRateController">
      <UniqueIdentifier>{60BC59B9-CC1D-37C7-558B-7D79C1EB6D86}</UniqueIdentifier>
    </Filter>
    <Filter Include="Graphics">
      <UniqueIdentifier>{1653CE33-0220-293F-2B39-17E717655ECD}</UniqueIdentifier>
    </Filter>
    <Filter Include="Graphics\Camera">
      <UniqueIdentifier>{CED20E8B-3A5E-7C4F-436F-FF43AF79D84F}</UniqueIdentifier>
    </Filter>
    <Filter Include="Graphics\Mesh">
      <UniqueIdentifier>{92268A97-FEE6-05CE-C721-4F4B33A14AAA}</UniqueIdentifier>
    </Filter>
    <Filter Include="Graphics\PostProcessing">
      <UniqueIdentifier>{48EFA335-B426-ECCC-BD30-50F029E712C6}</UniqueIdentifier>
    </Filter>
    <Filter Include="Graphics\RenderPass">
      <UniqueIdentifier>{7C819DD9-E8E2-7AE7-7150-C199DDB0B1A6}</UniqueIdentifier>
    </Filter>
    <Filter Include="Input">
      <UniqueIdentifier>{953A660D-014F-8EBE-CAD0-311E36A48AEF}</UniqueIdentifier>
    </Filter>
    <Filter Include="Physics">
      <UniqueIdentifier>{888B590D-F46A-D8A8-FD82-637F69E13E0A}</UniqueIdentifier>
    </Filter>
    <Filter Include="Prefabs">
      <UniqueIdentifier>{A8F43B23-14D4-BABE-1DEC-4595894A2120}</UniqueIdentifier>
    </Filter>
    <Filter Include="Reflection">
      <UniqueIdentifier>{104FCF04-FC06-1152-650E-EAAD51E5AB42}</UniqueIdentifier>
    </Filter>
    <Filter Include="Scenes">
      <UniqueIdentifier>{86EEB3D0-7290-DEA6-5B4B-F2FA478C65F7}</UniqueIdentifier>
    </Filter>
    <Filter Include="Scripting">
      <UniqueIdentifier>{985A7358-04C5-27CF-4D03-D974B9AC0524}</UniqueIdentifier>
    </Filter>
    <Filter Include="Serialization">
      <UniqueIdentifier>{2319AF09-8FD9-2A40-5814-74BDC4936F1C}</UniqueIdentifier>
    </Filter>
    <Filter Include="Serialization\Registration">
      <UniqueIdentifier>{8D74BBC6-7984-6797-E23D-CCB5CE6C5630}</UniqueIdentifier>
    </Filter>
    <Filter Include="Singleton">
      <UniqueIdentifier>{D8A61AA9-4411-CF1F-8D4F-80C5F9F8AC74}</UniqueIdentifier>
    </Filter>
  </ItemGroup>
  <ItemGroup>
    <ClInclude Include="source\Animation\AnimationData.h">
      <Filter>Animation</Filter>
    </ClInclude>
    <ClInclude Include="source\Animation\Keyframe.h">
      <Filter>Animation</Filter>
    </ClInclude>
    <ClInclude Include="source\Application.h" />
    <ClInclude Include="source\Asset\AssetManager.h">
      <Filter>Asset</Filter>
    </ClInclude>
    <ClInclude Include="source\Asset\AssetMetadata.h">
      <Filter>Asset</Filter>
    </ClInclude>
    <ClInclude Include="source\Asset\AssetUtils.h">
      <Filter>Asset</Filter>
    </ClInclude>
    <ClInclude Include="source\Asset\Assetables\Animation\AnimationAsset.h">
      <Filter>Asset\Assetables\Animation</Filter>
    </ClInclude>
    <ClInclude Include="source\Asset\Assetables\AssetExtensions.h">
      <Filter>Asset\Assetables</Filter>
    </ClInclude>
    <ClInclude Include="source\Asset\Assetables\Assetables.h">
      <Filter>Asset\Assetables</Filter>
    </ClInclude>
    <ClInclude Include="source\Asset\Assetables\Audio\AudioAsset.h">
      <Filter>Asset\Assetables\Audio</Filter>
    </ClInclude>
    <ClInclude Include="source\Asset\Assetables\Font\FontAsset.h">
      <Filter>Asset\Assetables\Font</Filter>
    </ClInclude>
    <ClInclude Include="source\Asset\Assetables\Material\MaterialAsset.h">
      <Filter>Asset\Assetables\Material</Filter>
    </ClInclude>
    <ClInclude Include="source\Asset\Assetables\Mesh\ModelAsset.h">
      <Filter>Asset\Assetables\Mesh</Filter>
    </ClInclude>
    <ClInclude Include="source\Asset\Assetables\Prefab\PrefabAsset.h">
      <Filter>Asset\Assetables\Prefab</Filter>
    </ClInclude>
    <ClInclude Include="source\Asset\Assetables\Shader\ShaderAsset.h">
      <Filter>Asset\Assetables\Shader</Filter>
    </ClInclude>
    <ClInclude Include="source\Asset\Assetables\Texture\TextureAsset.h">
      <Filter>Asset\Assetables\Texture</Filter>
    </ClInclude>
    <ClInclude Include="source\Asset\Assetables\Video\VideoAsset.h">
      <Filter>Asset\Assetables\Video</Filter>
    </ClInclude>
    <ClInclude Include="source\Asset\IGEAssets.h">
      <Filter>Asset</Filter>
    </ClInclude>
    <ClInclude Include="source\Asset\RemapData.h">
      <Filter>Asset</Filter>
    </ClInclude>
    <ClInclude Include="source\Asset\SmartPointer.h">
      <Filter>Asset</Filter>
    </ClInclude>
    <ClInclude Include="source\Audio\AudioManager.h">
      <Filter>Audio</Filter>
    </ClInclude>
    <ClInclude Include="source\Audio\AudioSystem.h">
      <Filter>Audio</Filter>
    </ClInclude>
    <ClInclude Include="source\BoundingVolumes\AABB.h">
      <Filter>BoundingVolumes</Filter>
    </ClInclude>
    <ClInclude Include="source\BoundingVolumes\BoundingSphere.h">
      <Filter>BoundingVolumes</Filter>
    </ClInclude>
    <ClInclude Include="source\BoundingVolumes\Frustum.h">
      <Filter>BoundingVolumes</Filter>
    </ClInclude>
    <ClInclude Include="source\BoundingVolumes\IntersectionTests.h">
      <Filter>BoundingVolumes</Filter>
    </ClInclude>
    <ClInclude Include="source\Color.h" />
    <ClInclude Include="source\Container\ThreadSafeDeque.h">
      <Filter>Container</Filter>
    </ClInclude>
    <ClInclude Include="source\Core\Components\Animation.h">
      <Filter>Core\Components</Filter>
    </ClInclude>
    <ClInclude Include="source\Core\Components\AudioListener.h">
      <Filter>Core\Components</Filter>
    </ClInclude>
    <ClInclude Include="source\Core\Components\AudioSource.h">
      <Filter>Core\Components</Filter>
    </ClInclude>
    <ClInclude Include="source\Core\Components\Bloom.h">
      <Filter>Core\Components</Filter>
    </ClInclude>
    <ClInclude Include="source\Core\Components\Camera.h">
      <Filter>Core\Components</Filter>
    </ClInclude>
    <ClInclude Include="source\Core\Components\CameraController.h">
      <Filter>Core\Components</Filter>
    </ClInclude>
    <ClInclude Include="source\Core\Components\Canvas.h">
      <Filter>Core\Components</Filter>
    </ClInclude>
    <ClInclude Include="source\Core\Components\Collider.h">
      <Filter>Core\Components</Filter>
    </ClInclude>
    <ClInclude Include="source\Core\Components\Components.h">
      <Filter>Core\Components</Filter>
    </ClInclude>
    <ClInclude Include="source\Core\Components\EmitterSystem.h">
      <Filter>Core\Components</Filter>
    </ClInclude>
    <ClInclude Include="source\Core\Components\Image.h">
      <Filter>Core\Components</Filter>
    </ClInclude>
    <ClInclude Include="source\Core\Components\Interactive.h">
      <Filter>Core\Components</Filter>
    </ClInclude>
    <ClInclude Include="source\Core\Components\Layer.h">
      <Filter>Core\Components</Filter>
    </ClInclude>
    <ClInclude Include="source\Core\Components\Light.h">
      <Filter>Core\Components</Filter>
    </ClInclude>
    <ClInclude Include="source\Core\Components\Material.h">
      <Filter>Core\Components</Filter>
    </ClInclude>
    <ClInclude Include="source\Core\Components\Mesh.h">
      <Filter>Core\Components</Filter>
    </ClInclude>
    <ClInclude Include="source\Core\Components\PrefabOverrides.h">
      <Filter>Core\Components</Filter>
    </ClInclude>
    <ClInclude Include="source\Core\Components\RigidBody.h">
      <Filter>Core\Components</Filter>
    </ClInclude>
    <ClInclude Include="source\Core\Components\Script.h">
      <Filter>Core\Components</Filter>
    </ClInclude>
    <ClInclude Include="source\Core\Components\Skybox.h">
      <Filter>Core\Components</Filter>
    </ClInclude>
    <ClInclude Include="source\Core\Components\Sprite2D.h">
      <Filter>Core\Components</Filter>
    </ClInclude>
    <ClInclude Include="source\Core\Components\Tag.h">
      <Filter>Core\Components</Filter>
    </ClInclude>
    <ClInclude Include="source\Core\Components\Text.h">
      <Filter>Core\Components</Filter>
    </ClInclude>
    <ClInclude Include="source\Core\Components\Transform.h">
      <Filter>Core\Components</Filter>
    </ClInclude>
    <ClInclude Include="source\Core\Components\Video.h">
      <Filter>Core\Components</Filter>
    </ClInclude>
    <ClInclude Include="source\Core\Entity.h">
      <Filter>Core</Filter>
    </ClInclude>
    <ClInclude Include="source\Core\EntityManager.h">
      <Filter>Core</Filter>
    </ClInclude>
    <ClInclude Include="source\Core\GUID.h">
      <Filter>Core</Filter>
    </ClInclude>
    <ClInclude Include="source\Core\LayerManager\LayerManager.h">
      <Filter>Core\LayerManager</Filter>
    </ClInclude>
    <ClInclude Include="source\Core\Systems\AnimationSystem\AnimationSystem.h">
      <Filter>Core\Systems\AnimationSystem</Filter>
    </ClInclude>
    <ClInclude Include="source\Core\Systems\ParticleSystem\ParticleSystem.h">
      <Filter>Core\Systems\ParticleSystem</Filter>
    </ClInclude>
    <ClInclude Include="source\Core\Systems\PlayerControllerSystem\PlayerControllerSystem.h">
      <Filter>Core\Systems\PlayerControllerSystem</Filter>
    </ClInclude>
    <ClInclude Include="source\Core\Systems\System.h">
      <Filter>Core\Systems</Filter>
    </ClInclude>
    <ClInclude Include="source\Core\Systems\SystemManager\SystemManager.h">
      <Filter>Core\Systems\SystemManager</Filter>
    </ClInclude>
    <ClInclude Include="source\Core\Systems\Systems.h">
      <Filter>Core\Systems</Filter>
    </ClInclude>
    <ClInclude Include="source\Core\Systems\TextSystem\TextSystem.h">
      <Filter>Core\Systems\TextSystem</Filter>
    </ClInclude>
    <ClInclude Include="source\Core\Systems\TransformSystem\PostTransformSystem.h">
      <Filter>Core\Systems\TransformSystem</Filter>
    </ClInclude>
    <ClInclude Include="source\Core\Systems\TransformSystem\PreTransformSystem.h">
      <Filter>Core\Systems\TransformSystem</Filter>
    </ClInclude>
    <ClInclude Include="source\Core\Systems\TransformSystem\TransformHelpers.h">
      <Filter>Core\Systems\TransformSystem</Filter>
    </ClInclude>
    <ClInclude Include="source\Core\Systems\VideoSystem\VideoSystem.h">
      <Filter>Core\Systems\VideoSystem</Filter>
    </ClInclude>
    <ClInclude Include="source\Debug.h" />
    <ClInclude Include="source\DebugTools\DebugLogger\DebugLogger.h">
      <Filter>DebugTools\DebugLogger</Filter>
    </ClInclude>
    <ClInclude Include="source\DebugTools\Exception\Exception.h">
      <Filter>DebugTools\Exception</Filter>
    </ClInclude>
    <ClInclude Include="source\DebugTools\Exception\ExceptionBase.h">
      <Filter>DebugTools\Exception</Filter>
    </ClInclude>
    <ClInclude Include="source\Events\AssetEvents.h">
      <Filter>Events</Filter>
    </ClInclude>
    <ClInclude Include="source\Events\Event.h">
      <Filter>Events</Filter>
    </ClInclude>
    <ClInclude Include="source\Events\EventCallback.h">
      <Filter>Events</Filter>
    </ClInclude>
    <ClInclude Include="source\Events\EventManager.h">
      <Filter>Events</Filter>
    </ClInclude>
    <ClInclude Include="source\Events\Events.h">
      <Filter>Events</Filter>
    </ClInclude>
    <ClInclude Include="source\Events\InputEvents.h">
      <Filter>Events</Filter>
    </ClInclude>
    <ClInclude Include="source\Events\SceneEvents.h">
      <Filter>Events</Filter>
    </ClInclude>
    <ClInclude Include="source\External\GLFWwindowDestructor.h">
      <Filter>External</Filter>
    </ClInclude>
    <ClInclude Include="source\External\ImGui\backends\imgui_impl_glfw.h">
      <Filter>External\ImGui\backends</Filter>
    </ClInclude>
    <ClInclude Include="source\External\ImGui\backends\imgui_impl_opengl2.h">
      <Filter>External\ImGui\backends</Filter>
    </ClInclude>
    <ClInclude Include="source\External\ImGui\backends\imgui_impl_opengl3.h">
      <Filter>External\ImGui\backends</Filter>
    </ClInclude>
    <ClInclude Include="source\External\ImGui\backends\imgui_impl_opengl3_loader.h">
      <Filter>External\ImGui\backends</Filter>
    </ClInclude>
    <ClInclude Include="source\External\ImGui\imconfig.h">
      <Filter>External\ImGui</Filter>
    </ClInclude>
    <ClInclude Include="source\External\ImGui\imgui.h">
      <Filter>External\ImGui</Filter>
    </ClInclude>
    <ClInclude Include="source\External\ImGui\imgui_internal.h">
      <Filter>External\ImGui</Filter>
    </ClInclude>
    <ClInclude Include="source\External\ImGui\imstb_rectpack.h">
      <Filter>External\ImGui</Filter>
    </ClInclude>
    <ClInclude Include="source\External\ImGui\imstb_textedit.h">
      <Filter>External\ImGui</Filter>
    </ClInclude>
    <ClInclude Include="source\External\ImGui\imstb_truetype.h">
      <Filter>External\ImGui</Filter>
    </ClInclude>
    <ClInclude Include="source\External\ImGui\misc\cpp\imgui_stdlib.h">
      <Filter>External\ImGui\misc\cpp</Filter>
    </ClInclude>
    <ClInclude Include="source\External\ImGui\misc\freetype\imgui_freetype.h">
      <Filter>External\ImGui\misc\freetype</Filter>
    </ClInclude>
    <ClInclude Include="source\External\ImGui\misc\single_file\imgui_single_file.h">
      <Filter>External\ImGui\misc\single_file</Filter>
    </ClInclude>
    <ClInclude Include="source\External\ImGuizmo\GraphEditor.h">
      <Filter>External\ImGuizmo</Filter>
    </ClInclude>
    <ClInclude Include="source\External\ImGuizmo\ImCurveEdit.h">
      <Filter>External\ImGuizmo</Filter>
    </ClInclude>
    <ClInclude Include="source\External\ImGuizmo\ImGradient.h">
      <Filter>External\ImGuizmo</Filter>
    </ClInclude>
    <ClInclude Include="source\External\ImGuizmo\ImGuizmo.h">
      <Filter>External\ImGuizmo</Filter>
    </ClInclude>
    <ClInclude Include="source\External\ImGuizmo\ImSequencer.h">
      <Filter>External\ImGuizmo</Filter>
    </ClInclude>
    <ClInclude Include="source\External\ImGuizmo\ImZoomSlider.h">
      <Filter>External\ImGuizmo</Filter>
    </ClInclude>
    <ClInclude Include="source\External\ImNodes\imnodes.h">
      <Filter>External\ImNodes</Filter>
    </ClInclude>
    <ClInclude Include="source\External\ImNodes\imnodes_internal.h">
      <Filter>External\ImNodes</Filter>
    </ClInclude>
    <ClInclude Include="source\External\filewatch\FileWatch.h">
      <Filter>External\filewatch</Filter>
    </ClInclude>
    <ClInclude Include="source\External\fmod\include\fmod.h">
      <Filter>External\fmod\include</Filter>
    </ClInclude>
    <ClInclude Include="source\External\fmod\include\fmod_codec.h">
      <Filter>External\fmod\include</Filter>
    </ClInclude>
    <ClInclude Include="source\External\fmod\include\fmod_common.h">
      <Filter>External\fmod\include</Filter>
    </ClInclude>
    <ClInclude Include="source\External\fmod\include\fmod_dsp.h">
      <Filter>External\fmod\include</Filter>
    </ClInclude>
    <ClInclude Include="source\External\fmod\include\fmod_dsp_effects.h">
      <Filter>External\fmod\include</Filter>
    </ClInclude>
    <ClInclude Include="source\External\fmod\include\fmod_errors.h">
      <Filter>External\fmod\include</Filter>
    </ClInclude>
    <ClInclude Include="source\External\fmod\include\fmod_output.h">
      <Filter>External\fmod\include</Filter>
    </ClInclude>
    <ClInclude Include="source\External\glad\include\KHR\khrplatform.h">
      <Filter>External\glad\include\KHR</Filter>
    </ClInclude>
    <ClInclude Include="source\External\glad\include\glad\glad.h">
      <Filter>External\glad\include\glad</Filter>
    </ClInclude>
    <ClInclude Include="source\External\mono\include\mono\jit\jit.h">
      <Filter>External\mono\include\mono\jit</Filter>
    </ClInclude>
    <ClInclude Include="source\External\mono\include\mono\jit\mono-private-unstable.h">
      <Filter>External\mono\include\mono\jit</Filter>
    </ClInclude>
    <ClInclude Include="source\External\mono\include\mono\metadata\appdomain.h">
      <Filter>External\mono\include\mono\metadata</Filter>
    </ClInclude>
    <ClInclude Include="source\External\mono\include\mono\metadata\assembly.h">
      <Filter>External\mono\include\mono\metadata</Filter>
    </ClInclude>
    <ClInclude Include="source\External\mono\include\mono\metadata\attrdefs.h">
      <Filter>External\mono\include\mono\metadata</Filter>
    </ClInclude>
    <ClInclude Include="source\External\mono\include\mono\metadata\blob.h">
      <Filter>External\mono\include\mono\metadata</Filter>
    </ClInclude>
    <ClInclude Include="source\External\mono\include\mono\metadata\class.h">
      <Filter>External\mono\include\mono\metadata</Filter>
    </ClInclude>
    <ClInclude Include="source\External\mono\include\mono\metadata\debug-helpers.h">
      <Filter>External\mono\include\mono\metadata</Filter>
    </ClInclude>
    <ClInclude Include="source\External\mono\include\mono\metadata\debug-mono-symfile.h">
      <Filter>External\mono\include\mono\metadata</Filter>
    </ClInclude>
    <ClInclude Include="source\External\mono\include\mono\metadata\environment.h">
      <Filter>External\mono\include\mono\metadata</Filter>
    </ClInclude>
    <ClInclude Include="source\External\mono\include\mono\metadata\exception.h">
      <Filter>External\mono\include\mono\metadata</Filter>
    </ClInclude>
    <ClInclude Include="source\External\mono\include\mono\metadata\image.h">
      <Filter>External\mono\include\mono\metadata</Filter>
    </ClInclude>
    <ClInclude Include="source\External\mono\include\mono\metadata\loader.h">
      <Filter>External\mono\include\mono\metadata</Filter>
    </ClInclude>
    <ClInclude Include="source\External\mono\include\mono\metadata\metadata.h">
      <Filter>External\mono\include\mono\metadata</Filter>
    </ClInclude>
    <ClInclude Include="source\External\mono\include\mono\metadata\mono-config.h">
      <Filter>External\mono\include\mono\metadata</Filter>
    </ClInclude>
    <ClInclude Include="source\External\mono\include\mono\metadata\mono-debug.h">
      <Filter>External\mono\include\mono\metadata</Filter>
    </ClInclude>
    <ClInclude Include="source\External\mono\include\mono\metadata\mono-gc.h">
      <Filter>External\mono\include\mono\metadata</Filter>
    </ClInclude>
    <ClInclude Include="source\External\mono\include\mono\metadata\mono-private-unstable.h">
      <Filter>External\mono\include\mono\metadata</Filter>
    </ClInclude>
    <ClInclude Include="source\External\mono\include\mono\metadata\object-forward.h">
      <Filter>External\mono\include\mono\metadata</Filter>
    </ClInclude>
    <ClInclude Include="source\External\mono\include\mono\metadata\object.h">
      <Filter>External\mono\include\mono\metadata</Filter>
    </ClInclude>
    <ClInclude Include="source\External\mono\include\mono\metadata\opcodes.h">
      <Filter>External\mono\include\mono\metadata</Filter>
    </ClInclude>
    <ClInclude Include="source\External\mono\include\mono\metadata\profiler-events.h">
      <Filter>External\mono\include\mono\metadata</Filter>
    </ClInclude>
    <ClInclude Include="source\External\mono\include\mono\metadata\profiler.h">
      <Filter>External\mono\include\mono\metadata</Filter>
    </ClInclude>
    <ClInclude Include="source\External\mono\include\mono\metadata\reflection.h">
      <Filter>External\mono\include\mono\metadata</Filter>
    </ClInclude>
    <ClInclude Include="source\External\mono\include\mono\metadata\row-indexes.h">
      <Filter>External\mono\include\mono\metadata</Filter>
    </ClInclude>
    <ClInclude Include="source\External\mono\include\mono\metadata\sgen-bridge.h">
      <Filter>External\mono\include\mono\metadata</Filter>
    </ClInclude>
    <ClInclude Include="source\External\mono\include\mono\metadata\tabledefs.h">
      <Filter>External\mono\include\mono\metadata</Filter>
    </ClInclude>
    <ClInclude Include="source\External\mono\include\mono\metadata\threads.h">
      <Filter>External\mono\include\mono\metadata</Filter>
    </ClInclude>
    <ClInclude Include="source\External\mono\include\mono\metadata\tokentype.h">
      <Filter>External\mono\include\mono\metadata</Filter>
    </ClInclude>
    <ClInclude Include="source\External\mono\include\mono\metadata\verify.h">
      <Filter>External\mono\include\mono\metadata</Filter>
    </ClInclude>
    <ClInclude Include="source\External\mono\include\mono\utils\mono-counters.h">
      <Filter>External\mono\include\mono\utils</Filter>
    </ClInclude>
    <ClInclude Include="source\External\mono\include\mono\utils\mono-dl-fallback.h">
      <Filter>External\mono\include\mono\utils</Filter>
    </ClInclude>
    <ClInclude Include="source\External\mono\include\mono\utils\mono-error.h">
      <Filter>External\mono\include\mono\utils</Filter>
    </ClInclude>
    <ClInclude Include="source\External\mono\include\mono\utils\mono-forward.h">
      <Filter>External\mono\include\mono\utils</Filter>
    </ClInclude>
    <ClInclude Include="source\External\mono\include\mono\utils\mono-jemalloc.h">
      <Filter>External\mono\include\mono\utils</Filter>
    </ClInclude>
    <ClInclude Include="source\External\mono\include\mono\utils\mono-logger.h">
      <Filter>External\mono\include\mono\utils</Filter>
    </ClInclude>
    <ClInclude Include="source\External\mono\include\mono\utils\mono-private-unstable.h">
      <Filter>External\mono\include\mono\utils</Filter>
    </ClInclude>
    <ClInclude Include="source\External\mono\include\mono\utils\mono-publib.h">
      <Filter>External\mono\include\mono\utils</Filter>
    </ClInclude>
    <ClInclude Include="source\External\pl_mpeg\pl_mpeg.h">
      <Filter>External\pl_mpeg</Filter>
    </ClInclude>
    <ClInclude Include="source\External\stb\stb_image.h">
      <Filter>External\stb</Filter>
    </ClInclude>
    <ClInclude Include="source\External\stb\stb_image_write.h">
      <Filter>External\stb</Filter>
    </ClInclude>
    <ClInclude Include="source\FrameRateController\FrameRateController.h">
      <Filter>FrameRateController</Filter>
    </ClInclude>
    <ClInclude Include="source\Globals.h" />
    <ClInclude Include="source\Graphics\Camera\CameraManager.h">
      <Filter>Graphics\Camera</Filter>
    </ClInclude>
    <ClInclude Include="source\Graphics\Camera\CameraSpec.h">
      <Filter>Graphics\Camera</Filter>
    </ClInclude>
    <ClInclude Include="source\Graphics\ElementBuffer.h">
      <Filter>Graphics</Filter>
    </ClInclude>
    <ClInclude Include="source\Graphics\Framebuffer.h">
      <Filter>Graphics</Filter>
    </ClInclude>
    <ClInclude Include="source\Graphics\MaterialData.h">
      <Filter>Graphics</Filter>
    </ClInclude>
    <ClInclude Include="source\Graphics\MaterialTable.h">
      <Filter>Graphics</Filter>
    </ClInclude>
    <ClInclude Include="source\Graphics\Mesh\IMSH.h">
      <Filter>Graphics\Mesh</Filter>
    </ClInclude>
    <ClInclude Include="source\Graphics\Mesh\Mesh.h">
      <Filter>Graphics\Mesh</Filter>
    </ClInclude>
    <ClInclude Include="source\Graphics\Mesh\MeshFactory.h">
      <Filter>Graphics\Mesh</Filter>
    </ClInclude>
    <ClInclude Include="source\Graphics\Mesh\MeshImport.h">
      <Filter>Graphics\Mesh</Filter>
    </ClInclude>
    <ClInclude Include="source\Graphics\Mesh\MeshMatValues.h">
      <Filter>Graphics\Mesh</Filter>
    </ClInclude>
    <ClInclude Include="source\Graphics\Mesh\MeshSource.h">
      <Filter>Graphics\Mesh</Filter>
    </ClInclude>
    <ClInclude Include="source\Graphics\Mesh\Submesh.h">
      <Filter>Graphics\Mesh</Filter>
    </ClInclude>
    <ClInclude Include="source\Graphics\Pipeline.h">
      <Filter>Graphics</Filter>
    </ClInclude>
    <ClInclude Include="source\Graphics\PostProcessing\ParticleManager.h">
      <Filter>Graphics\PostProcessing</Filter>
    </ClInclude>
    <ClInclude Include="source\Graphics\PostProcessing\PostProcessingManager.h">
      <Filter>Graphics\PostProcessing</Filter>
    </ClInclude>
    <ClInclude Include="source\Graphics\RenderAPI.h">
      <Filter>Graphics</Filter>
    </ClInclude>
    <ClInclude Include="source\Graphics\RenderCommand.h">
      <Filter>Graphics</Filter>
    </ClInclude>
    <ClInclude Include="source\Graphics\RenderPass\GeomPass.h">
      <Filter>Graphics\RenderPass</Filter>
    </ClInclude>
    <ClInclude Include="source\Graphics\RenderPass\ParticlePass.h">
      <Filter>Graphics\RenderPass</Filter>
    </ClInclude>
    <ClInclude Include="source\Graphics\RenderPass\PostProcessPass.h">
      <Filter>Graphics\RenderPass</Filter>
    </ClInclude>
    <ClInclude Include="source\Graphics\RenderPass\RenderPass.h">
      <Filter>Graphics\RenderPass</Filter>
    </ClInclude>
    <ClInclude Include="source\Graphics\RenderPass\ScreenPass.h">
      <Filter>Graphics\RenderPass</Filter>
    </ClInclude>
    <ClInclude Include="source\Graphics\RenderPass\ShadowPass.h">
      <Filter>Graphics\RenderPass</Filter>
    </ClInclude>
    <ClInclude Include="source\Graphics\RenderPass\SkyboxPass.h">
      <Filter>Graphics\RenderPass</Filter>
    </ClInclude>
    <ClInclude Include="source\Graphics\RenderPass\UIPass.h">
      <Filter>Graphics\RenderPass</Filter>
    </ClInclude>
    <ClInclude Include="source\Graphics\RenderSystem.h">
      <Filter>Graphics</Filter>
    </ClInclude>
    <ClInclude Include="source\Graphics\Renderer.h">
      <Filter>Graphics</Filter>
    </ClInclude>
    <ClInclude Include="source\Graphics\Shader.h">
      <Filter>Graphics</Filter>
    </ClInclude>
    <ClInclude Include="source\Graphics\Texture.h">
      <Filter>Graphics</Filter>
    </ClInclude>
    <ClInclude Include="source\Graphics\Utils.h">
      <Filter>Graphics</Filter>
    </ClInclude>
    <ClInclude Include="source\Graphics\Vertex.h">
      <Filter>Graphics</Filter>
    </ClInclude>
    <ClInclude Include="source\Graphics\VertexArray.h">
      <Filter>Graphics</Filter>
    </ClInclude>
    <ClInclude Include="source\Graphics\VertexBuffer.h">
      <Filter>Graphics</Filter>
    </ClInclude>
    <ClInclude Include="source\Input\InputManager.h">
      <Filter>Input</Filter>
    </ClInclude>
    <ClInclude Include="source\Input\KeyCode.h">
      <Filter>Input</Filter>
    </ClInclude>
    <ClInclude Include="source\Physics\PhysicsEvent.h">
      <Filter>Physics</Filter>
    </ClInclude>
    <ClInclude Include="source\Physics\PhysicsEventData.h">
      <Filter>Physics</Filter>
    </ClInclude>
    <ClInclude Include="source\Physics\PhysicsEventManager.h">
      <Filter>Physics</Filter>
    </ClInclude>
    <ClInclude Include="source\Physics\PhysicsHelpers.h">
      <Filter>Physics</Filter>
    </ClInclude>
    <ClInclude Include="source\Physics\PhysicsSystem.h">
      <Filter>Physics</Filter>
    </ClInclude>
    <ClInclude Include="source\Prefabs\Prefab.h">
      <Filter>Prefabs</Filter>
    </ClInclude>
    <ClInclude Include="source\Prefabs\PrefabManager.h">
      <Filter>Prefabs</Filter>
    </ClInclude>
    <ClInclude Include="source\Reflection\ComponentTypes.h">
      <Filter>Reflection</Filter>
    </ClInclude>
    <ClInclude Include="source\Reflection\ComponentUtils.h">
      <Filter>Reflection</Filter>
    </ClInclude>
    <ClInclude Include="source\Reflection\EntityData.h">
      <Filter>Reflection</Filter>
    </ClInclude>
    <ClInclude Include="source\Reflection\Metadata.h">
      <Filter>Reflection</Filter>
    </ClInclude>
    <ClInclude Include="source\Reflection\ObjectFactory.h">
      <Filter>Reflection</Filter>
    </ClInclude>
    <ClInclude Include="source\Reflection\ProxyScript.h">
      <Filter>Reflection</Filter>
    </ClInclude>
    <ClInclude Include="source\Scenes\Scene.h">
      <Filter>Scenes</Filter>
    </ClInclude>
    <ClInclude Include="source\Scenes\SceneManager.h">
      <Filter>Scenes</Filter>
    </ClInclude>
    <ClInclude Include="source\Scenes\SceneStates.h">
      <Filter>Scenes</Filter>
    </ClInclude>
    <ClInclude Include="source\Scripting\ScriptInstance.h">
      <Filter>Scripting</Filter>
    </ClInclude>
    <ClInclude Include="source\Scripting\ScriptManager.h">
      <Filter>Scripting</Filter>
    </ClInclude>
    <ClInclude Include="source\Scripting\ScriptUtils.h">
      <Filter>Scripting</Filter>
    </ClInclude>
    <ClInclude Include="source\Scripting\ScriptingSystem.h">
      <Filter>Scripting</Filter>
    </ClInclude>
    <ClInclude Include="source\Serialization\Deserializer.h">
      <Filter>Serialization</Filter>
    </ClInclude>
    <ClInclude Include="source\Serialization\FILEWrapper.h">
      <Filter>Serialization</Filter>
    </ClInclude>
    <ClInclude Include="source\Serialization\JsonKeys.h">
      <Filter>Serialization</Filter>
    </ClInclude>
    <ClInclude Include="source\Serialization\PfbOverridesData.h">
      <Filter>Serialization</Filter>
    </ClInclude>
    <ClInclude Include="source\Serialization\Registration\ConverterFuncs.h">
      <Filter>Serialization\Registration</Filter>
    </ClInclude>
    <ClInclude Include="source\Serialization\Registration\RegisterClasses.h">
      <Filter>Serialization\Registration</Filter>
    </ClInclude>
    <ClInclude Include="source\Serialization\Registration\RegisterComponents.h">
      <Filter>Serialization\Registration</Filter>
    </ClInclude>
    <ClInclude Include="source\Serialization\Registration\RegisterEnumsAndFuncs.h">
      <Filter>Serialization\Registration</Filter>
    </ClInclude>
    <ClInclude Include="source\Serialization\Serializer.h">
      <Filter>Serialization</Filter>
    </ClInclude>
    <ClInclude Include="source\Singleton\Singleton.h">
      <Filter>Singleton</Filter>
    </ClInclude>
    <ClInclude Include="source\Singleton\ThreadSafeSingleton.h">
      <Filter>Singleton</Filter>
    </ClInclude>
    <ClInclude Include="source\pch.h" />
  </ItemGroup>
  <ItemGroup>
    <ClCompile Include="source\Application.cpp" />
    <ClCompile Include="source\Asset\AssetManager.cpp">
      <Filter>Asset</Filter>
    </ClCompile>
    <ClCompile Include="source\Asset\AssetUtils.cpp">
      <Filter>Asset</Filter>
    </ClCompile>
    <ClCompile Include="source\Asset\Assetables\Animation\AnimationAsset.cpp">
      <Filter>Asset\Assetables\Animation</Filter>
    </ClCompile>
    <ClCompile Include="source\Asset\Assetables\Audio\AudioAsset.cpp">
      <Filter>Asset\Assetables\Audio</Filter>
    </ClCompile>
    <ClCompile Include="source\Asset\Assetables\Font\FontAsset.cpp">
      <Filter>Asset\Assetables\Font</Filter>
    </ClCompile>
    <ClCompile Include="source\Asset\Assetables\Material\MaterialAsset.cpp">
      <Filter>Asset\Assetables\Material</Filter>
    </ClCompile>
    <ClCompile Include="source\Asset\Assetables\Mesh\ModelAsset.cpp">
      <Filter>Asset\Assetables\Mesh</Filter>
    </ClCompile>
    <ClCompile Include="source\Asset\Assetables\Prefab\PrefabAsset.cpp">
      <Filter>Asset\Assetables\Prefab</Filter>
    </ClCompile>
    <ClCompile Include="source\Asset\Assetables\Shader\ShaderAsset.cpp">
      <Filter>Asset\Assetables\Shader</Filter>
    </ClCompile>
    <ClCompile Include="source\Asset\Assetables\Texture\TextureAsset.cpp">
      <Filter>Asset\Assetables\Texture</Filter>
    </ClCompile>
    <ClCompile Include="source\Asset\Assetables\Video\VideoAsset.cpp">
      <Filter>Asset\Assetables\Video</Filter>
    </ClCompile>
    <ClCompile Include="source\Asset\SmartPointer.cpp">
      <Filter>Asset</Filter>
    </ClCompile>
    <ClCompile Include="source\Audio\AudioManager.cpp">
      <Filter>Audio</Filter>
    </ClCompile>
    <ClCompile Include="source\Audio\AudioSystem.cpp">
      <Filter>Audio</Filter>
    </ClCompile>
    <ClCompile Include="source\BoundingVolumes\IntersectionTests.cpp">
      <Filter>BoundingVolumes</Filter>
    </ClCompile>
    <ClCompile Include="source\Core\Components\AudioSource.cpp">
      <Filter>Core\Components</Filter>
    </ClCompile>
    <ClCompile Include="source\Core\Components\EmitterSystem.cpp">
      <Filter>Core\Components</Filter>
    </ClCompile>
    <ClCompile Include="source\Core\Components\RigidBody.cpp">
      <Filter>Core\Components</Filter>
    </ClCompile>
    <ClCompile Include="source\Core\Components\Transform.cpp">
      <Filter>Core\Components</Filter>
    </ClCompile>
    <ClCompile Include="source\Core\Components\Video.cpp">
      <Filter>Core\Components</Filter>
    </ClCompile>
    <ClCompile Include="source\Core\Entity.cpp">
      <Filter>Core</Filter>
    </ClCompile>
    <ClCompile Include="source\Core\EntityManager.cpp">
      <Filter>Core</Filter>
    </ClCompile>
    <ClCompile Include="source\Core\LayerManager\LayerManager.cpp">
      <Filter>Core\LayerManager</Filter>
    </ClCompile>
    <ClCompile Include="source\Core\Systems\AnimationSystem\AnimationSystem.cpp">
      <Filter>Core\Systems\AnimationSystem</Filter>
    </ClCompile>
    <ClCompile Include="source\Core\Systems\ParticleSystem\ParticleSystem.cpp">
      <Filter>Core\Systems\ParticleSystem</Filter>
    </ClCompile>
    <ClCompile Include="source\Core\Systems\PlayerControllerSystem\PlayerControllerSystem.cpp">
      <Filter>Core\Systems\PlayerControllerSystem</Filter>
    </ClCompile>
    <ClCompile Include="source\Core\Systems\SystemManager\SystemManager.cpp">
      <Filter>Core\Systems\SystemManager</Filter>
    </ClCompile>
    <ClCompile Include="source\Core\Systems\TextSystem\TextSystem.cpp">
      <Filter>Core\Systems\TextSystem</Filter>
    </ClCompile>
    <ClCompile Include="source\Core\Systems\TransformSystem\PostTransformSystem.cpp">
      <Filter>Core\Systems\TransformSystem</Filter>
    </ClCompile>
    <ClCompile Include="source\Core\Systems\TransformSystem\PreTransformSystem.cpp">
      <Filter>Core\Systems\TransformSystem</Filter>
    </ClCompile>
    <ClCompile Include="source\Core\Systems\TransformSystem\TransformHelpers.cpp">
      <Filter>Core\Systems\TransformSystem</Filter>
    </ClCompile>
    <ClCompile Include="source\Core\Systems\VideoSystem\VideoSystem.cpp">
      <Filter>Core\Systems\VideoSystem</Filter>
    </ClCompile>
    <ClCompile Include="source\DebugTools\DebugLogger\DebugLogger.cpp">
      <Filter>DebugTools\DebugLogger</Filter>
    </ClCompile>
    <ClCompile Include="source\Events\EventManager.cpp">
      <Filter>Events</Filter>
    </ClCompile>
    <ClCompile Include="source\External\ImGui\backends\imgui_impl_glfw.cpp">
      <Filter>External\ImGui\backends</Filter>
    </ClCompile>
    <ClCompile Include="source\External\ImGui\backends\imgui_impl_opengl2.cpp">
      <Filter>External\ImGui\backends</Filter>
    </ClCompile>
    <ClCompile Include="source\External\ImGui\backends\imgui_impl_opengl3.cpp">
      <Filter>External\ImGui\backends</Filter>
    </ClCompile>
    <ClCompile Include="source\External\ImGui\imgui.cpp">
      <Filter>External\ImGui</Filter>
    </ClCompile>
    <ClCompile Include="source\External\ImGui\imgui_demo.cpp">
      <Filter>External\ImGui</Filter>
    </ClCompile>
    <ClCompile Include="source\External\ImGui\imgui_draw.cpp">
      <Filter>External\ImGui</Filter>
    </ClCompile>
    <ClCompile Include="source\External\ImGui\imgui_tables.cpp">
      <Filter>External\ImGui</Filter>
    </ClCompile>
    <ClCompile Include="source\External\ImGui\imgui_widgets.cpp">
      <Filter>External\ImGui</Filter>
    </ClCompile>
    <ClCompile Include="source\External\ImGui\misc\cpp\imgui_stdlib.cpp">
      <Filter>External\ImGui\misc\cpp</Filter>
    </ClCompile>
    <ClCompile Include="source\External\ImGui\misc\fonts\binary_to_compressed_c.cpp">
      <Filter>External\ImGui\misc\fonts</Filter>
    </ClCompile>
    <ClCompile Include="source\External\ImGui\misc\freetype\imgui_freetype.cpp">
      <Filter>External\ImGui\misc\freetype</Filter>
    </ClCompile>
    <ClCompile Include="source\External\ImGuizmo\GraphEditor.cpp">
      <Filter>External\ImGuizmo</Filter>
    </ClCompile>
    <ClCompile Include="source\External\ImGuizmo\ImCurveEdit.cpp">
      <Filter>External\ImGuizmo</Filter>
    </ClCompile>
    <ClCompile Include="source\External\ImGuizmo\ImGradient.cpp">
      <Filter>External\ImGuizmo</Filter>
    </ClCompile>
    <ClCompile Include="source\External\ImGuizmo\ImGuizmo.cpp">
      <Filter>External\ImGuizmo</Filter>
    </ClCompile>
    <ClCompile Include="source\External\ImGuizmo\ImSequencer.cpp">
      <Filter>External\ImGuizmo</Filter>
    </ClCompile>
    <ClCompile Include="source\External\ImNodes\imnodes.cpp">
      <Filter>External\ImNodes</Filter>
    </ClCompile>
    <ClCompile Include="source\External\glad.c">
      <Filter>External</Filter>
    </ClCompile>
    <ClCompile Include="source\External\stb\stb_image.cpp.cpp">
      <Filter>External\stb</Filter>
    </ClCompile>
    <ClCompile Include="source\FrameRateController\FrameRateController.cpp">
      <Filter>FrameRateController</Filter>
    </ClCompile>
    <ClCompile Include="source\Graphics\Camera\CameraManager.cpp">
      <Filter>Graphics\Camera</Filter>
    </ClCompile>
    <ClCompile Include="source\Graphics\Camera\CameraSpec.cpp">
      <Filter>Graphics\Camera</Filter>
    </ClCompile>
    <ClCompile Include="source\Graphics\ElementBuffer.cpp">
      <Filter>Graphics</Filter>
    </ClCompile>
    <ClCompile Include="source\Graphics\Framebuffer.cpp">
      <Filter>Graphics</Filter>
    </ClCompile>
    <ClCompile Include="source\Graphics\MaterialData.cpp">
      <Filter>Graphics</Filter>
    </ClCompile>
    <ClCompile Include="source\Graphics\MaterialTable.cpp">
      <Filter>Graphics</Filter>
    </ClCompile>
    <ClCompile Include="source\Graphics\Mesh\IMSH.cpp">
      <Filter>Graphics\Mesh</Filter>
    </ClCompile>
    <ClCompile Include="source\Graphics\Mesh\Mesh.cpp">
      <Filter>Graphics\Mesh</Filter>
    </ClCompile>
    <ClCompile Include="source\Graphics\Mesh\MeshFactory.cpp">
      <Filter>Graphics\Mesh</Filter>
    </ClCompile>
    <ClCompile Include="source\Graphics\Mesh\MeshSource.cpp">
      <Filter>Graphics\Mesh</Filter>
    </ClCompile>
    <ClCompile Include="source\Graphics\Pipeline.cpp">
      <Filter>Graphics</Filter>
    </ClCompile>
    <ClCompile Include="source\Graphics\PostProcessing\ParticleManager.cpp">
      <Filter>Graphics\PostProcessing</Filter>
    </ClCompile>
    <ClCompile Include="source\Graphics\PostProcessing\PostProcessingManager.cpp">
      <Filter>Graphics\PostProcessing</Filter>
    </ClCompile>
    <ClCompile Include="source\Graphics\RenderAPI.cpp">
      <Filter>Graphics</Filter>
    </ClCompile>
    <ClCompile Include="source\Graphics\RenderPass\GeomPass.cpp">
      <Filter>Graphics\RenderPass</Filter>
    </ClCompile>
    <ClCompile Include="source\Graphics\RenderPass\ParticlePass.cpp">
      <Filter>Graphics\RenderPass</Filter>
    </ClCompile>
    <ClCompile Include="source\Graphics\RenderPass\PostProcessPass.cpp">
      <Filter>Graphics\RenderPass</Filter>
    </ClCompile>
    <ClCompile Include="source\Graphics\RenderPass\RenderPass.cpp">
      <Filter>Graphics\RenderPass</Filter>
    </ClCompile>
    <ClCompile Include="source\Graphics\RenderPass\ScreenPass.cpp">
      <Filter>Graphics\RenderPass</Filter>
    </ClCompile>
    <ClCompile Include="source\Graphics\RenderPass\ShadowPass.cpp">
      <Filter>Graphics\RenderPass</Filter>
    </ClCompile>
    <ClCompile Include="source\Graphics\RenderPass\SkyboxPass.cpp">
      <Filter>Graphics\RenderPass</Filter>
    </ClCompile>
    <ClCompile Include="source\Graphics\RenderPass\UIPass.cpp">
      <Filter>Graphics\RenderPass</Filter>
    </ClCompile>
    <ClCompile Include="source\Graphics\RenderSystem.cpp">
      <Filter>Graphics</Filter>
    </ClCompile>
    <ClCompile Include="source\Graphics\Renderer.cpp">
      <Filter>Graphics</Filter>
    </ClCompile>
    <ClCompile Include="source\Graphics\Shader.cpp">
      <Filter>Graphics</Filter>
    </ClCompile>
    <ClCompile Include="source\Graphics\Texture.cpp">
      <Filter>Graphics</Filter>
    </ClCompile>
    <ClCompile Include="source\Graphics\Utils.cpp">
      <Filter>Graphics</Filter>
    </ClCompile>
    <ClCompile Include="source\Graphics\VertexArray.cpp">
      <Filter>Graphics</Filter>
    </ClCompile>
    <ClCompile Include="source\Graphics\VertexBuffer.cpp">
      <Filter>Graphics</Filter>
    </ClCompile>
    <ClCompile Include="source\Input\InputManager.cpp">
      <Filter>Input</Filter>
    </ClCompile>
    <ClCompile Include="source\Input\KeyCodecpp.cpp">
      <Filter>Input</Filter>
    </ClCompile>
    <ClCompile Include="source\Physics\PhysicsEvent.cpp">
      <Filter>Physics</Filter>
    </ClCompile>
    <ClCompile Include="source\Physics\PhysicsEventManager.cpp">
      <Filter>Physics</Filter>
    </ClCompile>
    <ClCompile Include="source\Physics\PhysicsSystem.cpp">
      <Filter>Physics</Filter>
    </ClCompile>
    <ClCompile Include="source\Prefabs\Prefab.cpp">
      <Filter>Prefabs</Filter>
    </ClCompile>
    <ClCompile Include="source\Prefabs\PrefabManager.cpp">
      <Filter>Prefabs</Filter>
    </ClCompile>
    <ClCompile Include="source\Reflection\ComponentUtils.cpp">
      <Filter>Reflection</Filter>
    </ClCompile>
    <ClCompile Include="source\Reflection\ObjectFactory.cpp">
      <Filter>Reflection</Filter>
    </ClCompile>
    <ClCompile Include="source\Scenes\Scene.cpp">
      <Filter>Scenes</Filter>
    </ClCompile>
    <ClCompile Include="source\Scenes\SceneManager.cpp">
      <Filter>Scenes</Filter>
    </ClCompile>
    <ClCompile Include="source\Scripting\ScriptInstance.cpp">
      <Filter>Scripting</Filter>
    </ClCompile>
    <ClCompile Include="source\Scripting\ScriptManager.cpp">
      <Filter>Scripting</Filter>
    </ClCompile>
    <ClCompile Include="source\Scripting\ScriptUtils.cpp">
      <Filter>Scripting</Filter>
    </ClCompile>
    <ClCompile Include="source\Scripting\ScriptingSystem.cpp">
      <Filter>Scripting</Filter>
    </ClCompile>
    <ClCompile Include="source\Serialization\Deserializer.cpp">
      <Filter>Serialization</Filter>
    </ClCompile>
    <ClCompile Include="source\Serialization\PfbOverridesData.cpp">
      <Filter>Serialization</Filter>
    </ClCompile>
    <ClCompile Include="source\Serialization\Serializer.cpp">
      <Filter>Serialization</Filter>
    </ClCompile>
    <ClCompile Include="source\pch.cpp" />
  </ItemGroup>
</Project>