<?xml version="1.0" encoding="utf-8"?>
<Project ToolsVersion="4.0" xmlns="http://schemas.microsoft.com/developer/msbuild/2003">
  <ItemGroup>
    <Filter Include="Asset">
      <UniqueIdentifier>{253FD80C-9153-00BE-5AD5-A31DC6A8FCEE}</UniqueIdentifier>
    </Filter>
    <Filter Include="Core">
      <UniqueIdentifier>{2EB4837C-1AEB-840D-C3D7-6A10AFED000F}</UniqueIdentifier>
    </Filter>
    <Filter Include="Core\Components">
      <UniqueIdentifier>{83E0320B-EF6B-A0CF-F87C-23C46487FCCF}</UniqueIdentifier>
    </Filter>
    <Filter Include="Core\Systems">
      <UniqueIdentifier>{35582E35-21BB-BDD9-CA40-F68FB682895C}</UniqueIdentifier>
    </Filter>
    <Filter Include="Core\Systems\SystemManager">
      <UniqueIdentifier>{646CE924-507C-95F5-B935-FA13A564848E}</UniqueIdentifier>
    </Filter>
    <Filter Include="Core\Systems\TransformSystem">
      <UniqueIdentifier>{E531723A-D1EC-61E6-7AA4-DA30663EAC76}</UniqueIdentifier>
    </Filter>
    <Filter Include="DebugTools">
      <UniqueIdentifier>{7D6B98D3-6923-DA20-D22A-B37CBE017511}</UniqueIdentifier>
    </Filter>
    <Filter Include="DebugTools\DebugLogger">
      <UniqueIdentifier>{530835B7-3F02-5E09-286F-F4191408C475}</UniqueIdentifier>
    </Filter>
    <Filter Include="DebugTools\Exception">
      <UniqueIdentifier>{7B3780AA-67C6-0974-10E5-1D6FFC521A1A}</UniqueIdentifier>
    </Filter>
    <Filter Include="Events">
      <UniqueIdentifier>{3A8963B1-262B-8E87-0FE6-A1DBFB2615D8}</UniqueIdentifier>
    </Filter>
    <Filter Include="External">
      <UniqueIdentifier>{089DB854-F469-1360-1D83-010809AF48EE}</UniqueIdentifier>
    </Filter>
    <Filter Include="External\ImGui">
      <UniqueIdentifier>{32B8D450-1E86-C856-071A-397DF386A4BB}</UniqueIdentifier>
    </Filter>
    <Filter Include="External\ImGui\backends">
      <UniqueIdentifier>{9C8A49CF-08C2-9166-11CC-F5897D82B85F}</UniqueIdentifier>
    </Filter>
    <Filter Include="External\ImGui\misc">
      <UniqueIdentifier>{4DBAB9A2-B91B-97B0-4289-DD62AEE9CD6F}</UniqueIdentifier>
    </Filter>
    <Filter Include="External\ImGui\misc\cpp">
      <UniqueIdentifier>{9F929382-0BCA-DB19-14D4-3F3D808A0213}</UniqueIdentifier>
    </Filter>
    <Filter Include="External\ImGui\misc\fonts">
      <UniqueIdentifier>{667AF875-D23C-2C00-1BED-BA8C87EE04DE}</UniqueIdentifier>
    </Filter>
    <Filter Include="External\ImGui\misc\freetype">
      <UniqueIdentifier>{A09FF966-8C5A-E912-3512-625D21AC33A3}</UniqueIdentifier>
    </Filter>
    <Filter Include="External\ImGui\misc\single_file">
      <UniqueIdentifier>{BD5E7082-2942-7FC2-3245-ADFE9EA74513}</UniqueIdentifier>
    </Filter>
    <Filter Include="FrameRateController">
      <UniqueIdentifier>{60BC59B9-CC1D-37C7-558B-7D79C1EB6D86}</UniqueIdentifier>
    </Filter>
    <Filter Include="Graphics">
      <UniqueIdentifier>{1653CE33-0220-293F-2B39-17E717655ECD}</UniqueIdentifier>
    </Filter>
    <Filter Include="Graphics\AssetIO">
      <UniqueIdentifier>{1D275E7D-0920-7DCF-3252-62541EAA5CDB}</UniqueIdentifier>
    </Filter>
    <Filter Include="Input">
      <UniqueIdentifier>{953A660D-014F-8EBE-CAD0-311E36A48AEF}</UniqueIdentifier>
    </Filter>
    <Filter Include="Physics">
      <UniqueIdentifier>{888B590D-F46A-D8A8-FD82-637F69E13E0A}</UniqueIdentifier>
    </Filter>
    <Filter Include="Prefabs">
      <UniqueIdentifier>{A8F43B23-14D4-BABE-1DEC-4595894A2120}</UniqueIdentifier>
    </Filter>
    <Filter Include="Reflection">
      <UniqueIdentifier>{104FCF04-FC06-1152-650E-EAAD51E5AB42}</UniqueIdentifier>
    </Filter>
    <Filter Include="Scenes">
      <UniqueIdentifier>{86EEB3D0-7290-DEA6-5B4B-F2FA478C65F7}</UniqueIdentifier>
    </Filter>
    <Filter Include="Scripting">
      <UniqueIdentifier>{985A7358-04C5-27CF-4D03-D974B9AC0524}</UniqueIdentifier>
    </Filter>
    <Filter Include="Serialization">
      <UniqueIdentifier>{2319AF09-8FD9-2A40-5814-74BDC4936F1C}</UniqueIdentifier>
    </Filter>
    <Filter Include="Serialization\Registration">
      <UniqueIdentifier>{8D74BBC6-7984-6797-E23D-CCB5CE6C5630}</UniqueIdentifier>
    </Filter>
  </ItemGroup>
  <ItemGroup>
    <ClInclude Include="source\Application.h" />
    <ClInclude Include="source\Asset\AssetManager.h">
      <Filter>Asset</Filter>
    </ClInclude>
    <ClInclude Include="source\Asset\IGEAssets.h">
      <Filter>Asset</Filter>
    </ClInclude>
    <ClInclude Include="source\Asset\PseudoAssetManager.h">
      <Filter>Asset</Filter>
    </ClInclude>
    <ClInclude Include="source\Color.h" />
    <ClInclude Include="source\Core\Components\Camera.h">
      <Filter>Core\Components</Filter>
    </ClInclude>
    <ClInclude Include="source\Core\Components\CameraController.h">
      <Filter>Core\Components</Filter>
    </ClInclude>
    <ClInclude Include="source\Core\Components\Collider.h">
      <Filter>Core\Components</Filter>
    </ClInclude>
    <ClInclude Include="source\Core\Components\Components.h">
      <Filter>Core\Components</Filter>
    </ClInclude>
    <ClInclude Include="source\Core\Components\Layer.h">
      <Filter>Core\Components</Filter>
    </ClInclude>
    <ClInclude Include="source\Core\Components\Material.h">
      <Filter>Core\Components</Filter>
    </ClInclude>
    <ClInclude Include="source\Core\Components\Mesh.h">
      <Filter>Core\Components</Filter>
    </ClInclude>
    <ClInclude Include="source\Core\Components\PrefabOverrides.h">
      <Filter>Core\Components</Filter>
    </ClInclude>
    <ClInclude Include="source\Core\Components\RigidBody.h">
      <Filter>Core\Components</Filter>
    </ClInclude>
    <ClInclude Include="source\Core\Components\Script.h">
      <Filter>Core\Components</Filter>
    </ClInclude>
    <ClInclude Include="source\Core\Components\Tag.h">
      <Filter>Core\Components</Filter>
    </ClInclude>
    <ClInclude Include="source\Core\Components\Text.h">
      <Filter>Core\Components</Filter>
    </ClInclude>
    <ClInclude Include="source\Core\Components\Transform.h">
      <Filter>Core\Components</Filter>
    </ClInclude>
    <ClInclude Include="source\Core\Entity.h">
      <Filter>Core</Filter>
    </ClInclude>
    <ClInclude Include="source\Core\EntityManager.h">
      <Filter>Core</Filter>
    </ClInclude>
    <ClInclude Include="source\Core\Systems\System.h">
      <Filter>Core\Systems</Filter>
    </ClInclude>
    <ClInclude Include="source\Core\Systems\SystemManager\SystemManager.h">
      <Filter>Core\Systems\SystemManager</Filter>
    </ClInclude>
    <ClInclude Include="source\Core\Systems\TransformSystem\LocalToWorldTransformSystem.h">
      <Filter>Core\Systems\TransformSystem</Filter>
    </ClInclude>
    <ClInclude Include="source\Core\Systems\TransformSystem\TransformHelpers.h">
      <Filter>Core\Systems\TransformSystem</Filter>
    </ClInclude>
    <ClInclude Include="source\Core\Systems\TransformSystem\WorldToLocalTransformSystem.h">
      <Filter>Core\Systems\TransformSystem</Filter>
    </ClInclude>
    <ClInclude Include="source\Debug.h" />
    <ClInclude Include="source\DebugTools\DebugLogger\DebugLogger.h">
      <Filter>DebugTools\DebugLogger</Filter>
    </ClInclude>
    <ClInclude Include="source\DebugTools\Exception\Exception.h">
      <Filter>DebugTools\Exception</Filter>
    </ClInclude>
    <ClInclude Include="source\DebugTools\Exception\ExceptionBase.h">
      <Filter>DebugTools\Exception</Filter>
    </ClInclude>
    <ClInclude Include="source\Events\Event.h">
      <Filter>Events</Filter>
    </ClInclude>
    <ClInclude Include="source\Events\EventCallback.h">
      <Filter>Events</Filter>
    </ClInclude>
    <ClInclude Include="source\Events\EventManager.h">
      <Filter>Events</Filter>
    </ClInclude>
    <ClInclude Include="source\Events\Events.h">
      <Filter>Events</Filter>
    </ClInclude>
    <ClInclude Include="source\Events\InputEvents.h">
      <Filter>Events</Filter>
    </ClInclude>
    <ClInclude Include="source\Events\SceneEvents.h">
      <Filter>Events</Filter>
    </ClInclude>
    <ClInclude Include="source\External\GLFWwindowDestructor.h">
      <Filter>External</Filter>
    </ClInclude>
    <ClInclude Include="source\External\ImGui\backends\imgui_impl_glfw.h">
      <Filter>External\ImGui\backends</Filter>
    </ClInclude>
    <ClInclude Include="source\External\ImGui\backends\imgui_impl_opengl2.h">
      <Filter>External\ImGui\backends</Filter>
    </ClInclude>
    <ClInclude Include="source\External\ImGui\backends\imgui_impl_opengl3.h">
      <Filter>External\ImGui\backends</Filter>
    </ClInclude>
    <ClInclude Include="source\External\ImGui\backends\imgui_impl_opengl3_loader.h">
      <Filter>External\ImGui\backends</Filter>
    </ClInclude>
    <ClInclude Include="source\External\ImGui\imconfig.h">
      <Filter>External\ImGui</Filter>
    </ClInclude>
    <ClInclude Include="source\External\ImGui\imgui.h">
      <Filter>External\ImGui</Filter>
    </ClInclude>
    <ClInclude Include="source\External\ImGui\imgui_internal.h">
      <Filter>External\ImGui</Filter>
    </ClInclude>
    <ClInclude Include="source\External\ImGui\imstb_rectpack.h">
      <Filter>External\ImGui</Filter>
    </ClInclude>
    <ClInclude Include="source\External\ImGui\imstb_textedit.h">
      <Filter>External\ImGui</Filter>
    </ClInclude>
    <ClInclude Include="source\External\ImGui\imstb_truetype.h">
      <Filter>External\ImGui</Filter>
    </ClInclude>
    <ClInclude Include="source\External\ImGui\misc\cpp\imgui_stdlib.h">
      <Filter>External\ImGui\misc\cpp</Filter>
    </ClInclude>
    <ClInclude Include="source\External\ImGui\misc\freetype\imgui_freetype.h">
      <Filter>External\ImGui\misc\freetype</Filter>
    </ClInclude>
    <ClInclude Include="source\External\ImGui\misc\single_file\imgui_single_file.h">
      <Filter>External\ImGui\misc\single_file</Filter>
    </ClInclude>
    <ClInclude Include="source\FrameRateController\FrameRateController.h">
      <Filter>FrameRateController</Filter>
    </ClInclude>
    <ClInclude Include="source\Globals.h" />
    <ClInclude Include="source\Graphics\AssetIO\IMSH.h">
      <Filter>Graphics\AssetIO</Filter>
    </ClInclude>
    <ClInclude Include="source\Graphics\CameraManager.h">
      <Filter>Graphics</Filter>
    </ClInclude>
    <ClInclude Include="source\Graphics\EditorCamera.h">
      <Filter>Graphics</Filter>
    </ClInclude>
    <ClInclude Include="source\Graphics\ElementBuffer.h">
      <Filter>Graphics</Filter>
    </ClInclude>
    <ClInclude Include="source\Graphics\Framebuffer.h">
      <Filter>Graphics</Filter>
    </ClInclude>
    <ClInclude Include="source\Graphics\Material.h">
      <Filter>Graphics</Filter>
    </ClInclude>
    <ClInclude Include="source\Graphics\MaterialSource.h">
      <Filter>Graphics</Filter>
    </ClInclude>
    <ClInclude Include="source\Graphics\Mesh.h">
      <Filter>Graphics</Filter>
    </ClInclude>
    <ClInclude Include="source\Graphics\MeshFactory.h">
      <Filter>Graphics</Filter>
    </ClInclude>
    <ClInclude Include="source\Graphics\MeshSource.h">
      <Filter>Graphics</Filter>
    </ClInclude>
    <ClInclude Include="source\Graphics\Pipeline.h">
      <Filter>Graphics</Filter>
    </ClInclude>
    <ClInclude Include="source\Graphics\RenderAPI.h">
      <Filter>Graphics</Filter>
    </ClInclude>
    <ClInclude Include="source\Graphics\RenderCommand.h">
      <Filter>Graphics</Filter>
    </ClInclude>
    <ClInclude Include="source\Graphics\RenderPass.h">
      <Filter>Graphics</Filter>
    </ClInclude>
    <ClInclude Include="source\Graphics\RenderSystem.h">
      <Filter>Graphics</Filter>
    </ClInclude>
    <ClInclude Include="source\Graphics\RenderTarget.h">
      <Filter>Graphics</Filter>
    </ClInclude>
    <ClInclude Include="source\Graphics\Renderer.h">
      <Filter>Graphics</Filter>
    </ClInclude>
    <ClInclude Include="source\Graphics\Shader.h">
      <Filter>Graphics</Filter>
    </ClInclude>
    <ClInclude Include="source\Graphics\Submesh.h">
      <Filter>Graphics</Filter>
    </ClInclude>
    <ClInclude Include="source\Graphics\Texture.h">
      <Filter>Graphics</Filter>
    </ClInclude>
    <ClInclude Include="source\Graphics\Utils.h">
      <Filter>Graphics</Filter>
    </ClInclude>
    <ClInclude Include="source\Graphics\Vertex.h">
      <Filter>Graphics</Filter>
    </ClInclude>
    <ClInclude Include="source\Graphics\VertexArray.h">
      <Filter>Graphics</Filter>
    </ClInclude>
    <ClInclude Include="source\Graphics\VertexBuffer.h">
      <Filter>Graphics</Filter>
    </ClInclude>
    <ClInclude Include="source\Input\InputManager.h">
      <Filter>Input</Filter>
    </ClInclude>
    <ClInclude Include="source\Input\KeyCode.h">
      <Filter>Input</Filter>
    </ClInclude>
    <ClInclude Include="source\Prefabs\Prefab.h">
      <Filter>Prefabs</Filter>
    </ClInclude>
    <ClInclude Include="source\Prefabs\PrefabManager.h">
      <Filter>Prefabs</Filter>
    </ClInclude>
    <ClInclude Include="source\Reflection\AddComponentFunctions.h">
      <Filter>Reflection</Filter>
    </ClInclude>
    <ClInclude Include="source\Reflection\ComponentTypes.h">
      <Filter>Reflection</Filter>
    </ClInclude>
    <ClInclude Include="source\Reflection\EntityData.h">
      <Filter>Reflection</Filter>
    </ClInclude>
    <ClInclude Include="source\Reflection\ObjectFactory.h">
      <Filter>Reflection</Filter>
    </ClInclude>
    <ClInclude Include="source\Scenes\SceneManager.h">
      <Filter>Scenes</Filter>
    </ClInclude>
    <ClInclude Include="source\Scenes\SceneStates.h">
      <Filter>Scenes</Filter>
    </ClInclude>
    <ClInclude Include="source\Scripting\ScriptInstance.h">
      <Filter>Scripting</Filter>
    </ClInclude>
    <ClInclude Include="source\Scripting\ScriptManager.h">
      <Filter>Scripting</Filter>
    </ClInclude>
    <ClInclude Include="source\Scripting\ScriptUtils.h">
      <Filter>Scripting</Filter>
    </ClInclude>
    <ClInclude Include="source\Scripting\ScriptingSystem.h">
      <Filter>Scripting</Filter>
    </ClInclude>
    <ClInclude Include="source\Serialization\Deserializer.h">
      <Filter>Serialization</Filter>
    </ClInclude>
    <ClInclude Include="source\Serialization\JsonKeys.h">
      <Filter>Serialization</Filter>
    </ClInclude>
    <ClInclude Include="source\Serialization\Registration\ConverterFuncs.h">
      <Filter>Serialization\Registration</Filter>
    </ClInclude>
    <ClInclude Include="source\Serialization\Registration\RegisterClasses.h">
      <Filter>Serialization\Registration</Filter>
    </ClInclude>
    <ClInclude Include="source\Serialization\Registration\RegisterComponents.h">
      <Filter>Serialization\Registration</Filter>
    </ClInclude>
    <ClInclude Include="source\Serialization\Registration\RegisterEnumsAndFuncs.h">
      <Filter>Serialization\Registration</Filter>
    </ClInclude>
    <ClInclude Include="source\Serialization\Serializer.h">
      <Filter>Serialization</Filter>
    </ClInclude>
    <ClInclude Include="source\Singleton.h" />
    <ClInclude Include="source\pch.h" />
    <ClInclude Include="source\Graphics\RenderTarget.h" />
    <ClInclude Include="source\Reflection\AddComponentFunctions.h" />
    <ClInclude Include="source\Physics\Physics.h" />
    <ClInclude Include="source\Physics\PhysicsHelpers.h" />
    <ClInclude Include="source\Physics\PhysicsSystem.h" />
    <ClInclude Include="source\Reflection\ProxyScript.h" />
    <ClInclude Include="source\Scenes\Scene.h" />
  </ItemGroup>
  <ItemGroup>
    <ClCompile Include="source\Application.cpp" />
    <ClCompile Include="source\Core\Components\Transform.cpp">
      <Filter>Core\Components</Filter>
    </ClCompile>
    <ClCompile Include="source\Core\Entity.cpp">
      <Filter>Core</Filter>
    </ClCompile>
    <ClCompile Include="source\Core\EntityManager.cpp">
      <Filter>Core</Filter>
    </ClCompile>
    <ClCompile Include="source\Core\Systems\SystemManager\SystemManager.cpp">
      <Filter>Core\Systems\SystemManager</Filter>
    </ClCompile>
    <ClCompile Include="source\Core\Systems\TransformSystem\LocalToWorldTransformSystem.cpp">
      <Filter>Core\Systems\TransformSystem</Filter>
    </ClCompile>
    <ClCompile Include="source\Core\Systems\TransformSystem\TransformHelpers.cpp">
      <Filter>Core\Systems\TransformSystem</Filter>
    </ClCompile>
    <ClCompile Include="source\Core\Systems\TransformSystem\WorldToLocalTransformSystem.cpp">
      <Filter>Core\Systems\TransformSystem</Filter>
    </ClCompile>
    <ClCompile Include="source\DebugTools\DebugLogger\DebugLogger.cpp">
      <Filter>DebugTools\DebugLogger</Filter>
    </ClCompile>
    <ClCompile Include="source\Events\EventManager.cpp">
      <Filter>Events</Filter>
    </ClCompile>
    <ClCompile Include="source\External\ImGui\backends\imgui_impl_glfw.cpp">
      <Filter>External\ImGui\backends</Filter>
    </ClCompile>
    <ClCompile Include="source\External\ImGui\backends\imgui_impl_opengl2.cpp">
      <Filter>External\ImGui\backends</Filter>
    </ClCompile>
    <ClCompile Include="source\External\ImGui\backends\imgui_impl_opengl3.cpp">
      <Filter>External\ImGui\backends</Filter>
    </ClCompile>
    <ClCompile Include="source\External\ImGui\imgui.cpp">
      <Filter>External\ImGui</Filter>
    </ClCompile>
    <ClCompile Include="source\External\ImGui\imgui_demo.cpp">
      <Filter>External\ImGui</Filter>
    </ClCompile>
    <ClCompile Include="source\External\ImGui\imgui_draw.cpp">
      <Filter>External\ImGui</Filter>
    </ClCompile>
    <ClCompile Include="source\External\ImGui\imgui_tables.cpp">
      <Filter>External\ImGui</Filter>
    </ClCompile>
    <ClCompile Include="source\External\ImGui\imgui_widgets.cpp">
      <Filter>External\ImGui</Filter>
    </ClCompile>
    <ClCompile Include="source\External\ImGui\misc\cpp\imgui_stdlib.cpp">
      <Filter>External\ImGui\misc\cpp</Filter>
    </ClCompile>
    <ClCompile Include="source\External\ImGui\misc\fonts\binary_to_compressed_c.cpp">
      <Filter>External\ImGui\misc\fonts</Filter>
    </ClCompile>
    <ClCompile Include="source\External\ImGui\misc\freetype\imgui_freetype.cpp">
      <Filter>External\ImGui\misc\freetype</Filter>
    </ClCompile>
    <ClCompile Include="source\External\glad.c">
      <Filter>External</Filter>
    </ClCompile>
    <ClCompile Include="source\FrameRateController\FrameRateController.cpp">
      <Filter>FrameRateController</Filter>
    </ClCompile>
    <ClCompile Include="source\Graphics\AssetIO\IMSH.cpp">
      <Filter>Graphics\AssetIO</Filter>
    </ClCompile>
    <ClCompile Include="source\Graphics\CameraManager.cpp">
      <Filter>Graphics</Filter>
    </ClCompile>
    <ClCompile Include="source\Graphics\EditorCamera.cpp">
      <Filter>Graphics</Filter>
    </ClCompile>
    <ClCompile Include="source\Graphics\ElementBuffer.cpp">
      <Filter>Graphics</Filter>
    </ClCompile>
    <ClCompile Include="source\Graphics\Framebuffer.cpp">
      <Filter>Graphics</Filter>
    </ClCompile>
    <ClCompile Include="source\Graphics\Material.cpp">
      <Filter>Graphics</Filter>
    </ClCompile>
    <ClCompile Include="source\Graphics\MaterialSource.cpp">
      <Filter>Graphics</Filter>
    </ClCompile>
    <ClCompile Include="source\Graphics\Mesh.cpp">
      <Filter>Graphics</Filter>
    </ClCompile>
    <ClCompile Include="source\Graphics\MeshFactory.cpp">
      <Filter>Graphics</Filter>
    </ClCompile>
    <ClCompile Include="source\Graphics\MeshSource.cpp">
      <Filter>Graphics</Filter>
    </ClCompile>
    <ClCompile Include="source\Graphics\Pipeline.cpp">
      <Filter>Graphics</Filter>
    </ClCompile>
    <ClCompile Include="source\Graphics\RenderAPI.cpp">
      <Filter>Graphics</Filter>
    </ClCompile>
    <ClCompile Include="source\Graphics\RenderPass.cpp">
      <Filter>Graphics</Filter>
    </ClCompile>
    <ClCompile Include="source\Graphics\RenderSystem.cpp">
      <Filter>Graphics</Filter>
    </ClCompile>
    <ClCompile Include="source\Graphics\Renderer.cpp">
      <Filter>Graphics</Filter>
    </ClCompile>
    <ClCompile Include="source\Graphics\Shader.cpp">
      <Filter>Graphics</Filter>
    </ClCompile>
    <ClCompile Include="source\Graphics\Texture.cpp">
      <Filter>Graphics</Filter>
    </ClCompile>
    <ClCompile Include="source\Graphics\Utils.cpp">
      <Filter>Graphics</Filter>
    </ClCompile>
    <ClCompile Include="source\Graphics\VertexArray.cpp">
      <Filter>Graphics</Filter>
    </ClCompile>
    <ClCompile Include="source\Graphics\VertexBuffer.cpp">
      <Filter>Graphics</Filter>
    </ClCompile>
    <ClCompile Include="source\Input\InputManager.cpp">
      <Filter>Input</Filter>
    </ClCompile>
    <ClCompile Include="source\Prefabs\Prefab.cpp">
      <Filter>Prefabs</Filter>
    </ClCompile>
    <ClCompile Include="source\Prefabs\PrefabManager.cpp">
      <Filter>Prefabs</Filter>
    </ClCompile>
    <ClCompile Include="source\Reflection\AddComponentFunctions.cpp">
      <Filter>Reflection</Filter>
    </ClCompile>
    <ClCompile Include="source\Reflection\ObjectFactory.cpp">
      <Filter>Reflection</Filter>
    </ClCompile>
    <ClCompile Include="source\Scenes\Scene.cpp">
      <Filter>Scenes</Filter>
    </ClCompile>
    <ClCompile Include="source\Scenes\SceneManager.cpp">
      <Filter>Scenes</Filter>
    </ClCompile>
    <ClCompile Include="source\Scripting\ScriptInstance.cpp">
      <Filter>Scripting</Filter>
    </ClCompile>
    <ClCompile Include="source\Scripting\ScriptManager.cpp">
      <Filter>Scripting</Filter>
    </ClCompile>
    <ClCompile Include="source\Scripting\ScriptUtils.cpp">
      <Filter>Scripting</Filter>
    </ClCompile>
    <ClCompile Include="source\Scripting\ScriptingSystem.cpp">
      <Filter>Scripting</Filter>
    </ClCompile>
    <ClCompile Include="source\Serialization\Deserializer.cpp">
      <Filter>Serialization</Filter>
    </ClCompile>
    <ClCompile Include="source\Serialization\Serializer.cpp">
      <Filter>Serialization</Filter>
    </ClCompile>
    <ClCompile Include="source\pch.cpp" />
    <ClCompile Include="source\Physics\PhysicsSystem.cpp" />
  </ItemGroup>
</Project>